
Microsoft Visual Studio Solution File, Format Version 12.00
# Visual Studio 2012
Project("{FAE04EC0-301F-11D3-BF4B-00C04F79EFBC}") = "MyToolkit.WinRT", "WinRT\MyToolkit.WinRT.csproj", "{FFAD2217-0B38-493C-9460-3660345B7B8B}"
EndProject
Project("{FAE04EC0-301F-11D3-BF4B-00C04F79EFBC}") = "MyToolkit.Phone.Extended.WinPRT", "Phone\MyToolkit.Phone.Extended.WinPRT.csproj", "{165D7BF6-152C-427F-97AE-F09A69F646AB}"
EndProject
Project("{FAE04EC0-301F-11D3-BF4B-00C04F79EFBC}") = "MyToolkit.Phone.WinPRT", "Phone\MyToolkit.Phone.WinPRT.csproj", "{FC75D593-3AA7-4C47-B7E2-64B791158BA4}"
EndProject
Project("{FAE04EC0-301F-11D3-BF4B-00C04F79EFBC}") = "MyToolkit.Phone", "Phone\MyToolkit.Phone.csproj", "{EAECF0F0-1F1E-410E-B123-F5C09F8B0D5D}"
EndProject
Project("{FAE04EC0-301F-11D3-BF4B-00C04F79EFBC}") = "MyToolkit.Phone.Extended", "Phone\MyToolkit.Phone.Extended.csproj", "{65A7577A-196F-4DB7-BC7B-0C2A4170E8D4}"
EndProject
Project("{FAE04EC0-301F-11D3-BF4B-00C04F79EFBC}") = "MyToolkit.Silverlight", "Silverlight\MyToolkit.Silverlight.csproj", "{8C9D22C1-6A06-42ED-9452-A6BE3BBE6281}"
EndProject
Project("{FAE04EC0-301F-11D3-BF4B-00C04F79EFBC}") = "MyToolkit.Web", "Web\MyToolkit.Web.csproj", "{7D4E4419-4B4D-42C6-AD7A-9DEAAD90B3EF}"
EndProject
Project("{FAE04EC0-301F-11D3-BF4B-00C04F79EFBC}") = "MyToolkit.WPF", "WPF\MyToolkit.WPF.csproj", "{0D8F527D-868F-4DE3-8559-EA3597D9D079}"
EndProject
Global
	GlobalSection(SolutionConfigurationPlatforms) = preSolution
		Debug|Any CPU = Debug|Any CPU
		Debug|ARM = Debug|ARM
		Debug|x86 = Debug|x86
		Release|Any CPU = Release|Any CPU
		Release|ARM = Release|ARM
		Release|x86 = Release|x86
	EndGlobalSection
	GlobalSection(ProjectConfigurationPlatforms) = postSolution
		{FFAD2217-0B38-493C-9460-3660345B7B8B}.Debug|Any CPU.ActiveCfg = Debug|Any CPU
		{FFAD2217-0B38-493C-9460-3660345B7B8B}.Debug|Any CPU.Build.0 = Debug|Any CPU
		{FFAD2217-0B38-493C-9460-3660345B7B8B}.Debug|ARM.ActiveCfg = Debug|Any CPU
		{FFAD2217-0B38-493C-9460-3660345B7B8B}.Debug|x86.ActiveCfg = Debug|Any CPU
		{FFAD2217-0B38-493C-9460-3660345B7B8B}.Release|Any CPU.ActiveCfg = Release|Any CPU
		{FFAD2217-0B38-493C-9460-3660345B7B8B}.Release|Any CPU.Build.0 = Release|Any CPU
		{FFAD2217-0B38-493C-9460-3660345B7B8B}.Release|ARM.ActiveCfg = Release|Any CPU
		{FFAD2217-0B38-493C-9460-3660345B7B8B}.Release|x86.ActiveCfg = Release|Any CPU
		{165D7BF6-152C-427F-97AE-F09A69F646AB}.Debug|Any CPU.ActiveCfg = Debug|Any CPU
		{165D7BF6-152C-427F-97AE-F09A69F646AB}.Debug|Any CPU.Build.0 = Debug|Any CPU
		{165D7BF6-152C-427F-97AE-F09A69F646AB}.Debug|ARM.ActiveCfg = Debug|Any CPU
		{165D7BF6-152C-427F-97AE-F09A69F646AB}.Debug|x86.ActiveCfg = Debug|Any CPU
		{165D7BF6-152C-427F-97AE-F09A69F646AB}.Release|Any CPU.ActiveCfg = Release|Any CPU
		{165D7BF6-152C-427F-97AE-F09A69F646AB}.Release|Any CPU.Build.0 = Release|Any CPU
		{165D7BF6-152C-427F-97AE-F09A69F646AB}.Release|ARM.ActiveCfg = Release|Any CPU
		{165D7BF6-152C-427F-97AE-F09A69F646AB}.Release|x86.ActiveCfg = Release|Any CPU
		{FC75D593-3AA7-4C47-B7E2-64B791158BA4}.Debug|Any CPU.ActiveCfg = Debug|Any CPU
		{FC75D593-3AA7-4C47-B7E2-64B791158BA4}.Debug|Any CPU.Build.0 = Debug|Any CPU
		{FC75D593-3AA7-4C47-B7E2-64B791158BA4}.Debug|ARM.ActiveCfg = Debug|ARM
		{FC75D593-3AA7-4C47-B7E2-64B791158BA4}.Debug|ARM.Build.0 = Debug|ARM
		{FC75D593-3AA7-4C47-B7E2-64B791158BA4}.Debug|x86.ActiveCfg = Debug|x86
		{FC75D593-3AA7-4C47-B7E2-64B791158BA4}.Debug|x86.Build.0 = Debug|x86
		{FC75D593-3AA7-4C47-B7E2-64B791158BA4}.Release|Any CPU.ActiveCfg = Release|Any CPU
		{FC75D593-3AA7-4C47-B7E2-64B791158BA4}.Release|Any CPU.Build.0 = Release|Any CPU
		{FC75D593-3AA7-4C47-B7E2-64B791158BA4}.Release|ARM.ActiveCfg = Release|ARM
		{FC75D593-3AA7-4C47-B7E2-64B791158BA4}.Release|ARM.Build.0 = Release|ARM
		{FC75D593-3AA7-4C47-B7E2-64B791158BA4}.Release|x86.ActiveCfg = Release|x86
		{FC75D593-3AA7-4C47-B7E2-64B791158BA4}.Release|x86.Build.0 = Release|x86
		{EAECF0F0-1F1E-410E-B123-F5C09F8B0D5D}.Debug|Any CPU.ActiveCfg = Debug|Any CPU
		{EAECF0F0-1F1E-410E-B123-F5C09F8B0D5D}.Debug|Any CPU.Build.0 = Debug|Any CPU
		{EAECF0F0-1F1E-410E-B123-F5C09F8B0D5D}.Debug|ARM.ActiveCfg = Debug|Any CPU
		{EAECF0F0-1F1E-410E-B123-F5C09F8B0D5D}.Debug|x86.ActiveCfg = Debug|Any CPU
		{EAECF0F0-1F1E-410E-B123-F5C09F8B0D5D}.Release|Any CPU.ActiveCfg = Release|Any CPU
		{EAECF0F0-1F1E-410E-B123-F5C09F8B0D5D}.Release|Any CPU.Build.0 = Release|Any CPU
		{EAECF0F0-1F1E-410E-B123-F5C09F8B0D5D}.Release|ARM.ActiveCfg = Release|Any CPU
		{EAECF0F0-1F1E-410E-B123-F5C09F8B0D5D}.Release|x86.ActiveCfg = Release|Any CPU
		{65A7577A-196F-4DB7-BC7B-0C2A4170E8D4}.Debug|Any CPU.ActiveCfg = Debug|Any CPU
		{65A7577A-196F-4DB7-BC7B-0C2A4170E8D4}.Debug|Any CPU.Build.0 = Debug|Any CPU
		{65A7577A-196F-4DB7-BC7B-0C2A4170E8D4}.Debug|ARM.ActiveCfg = Debug|Any CPU
		{65A7577A-196F-4DB7-BC7B-0C2A4170E8D4}.Debug|x86.ActiveCfg = Debug|Any CPU
		{65A7577A-196F-4DB7-BC7B-0C2A4170E8D4}.Release|Any CPU.ActiveCfg = Release|Any CPU
		{65A7577A-196F-4DB7-BC7B-0C2A4170E8D4}.Release|Any CPU.Build.0 = Release|Any CPU
		{65A7577A-196F-4DB7-BC7B-0C2A4170E8D4}.Release|ARM.ActiveCfg = Release|Any CPU
		{65A7577A-196F-4DB7-BC7B-0C2A4170E8D4}.Release|x86.ActiveCfg = Release|Any CPU
		{8C9D22C1-6A06-42ED-9452-A6BE3BBE6281}.Debug|Any CPU.ActiveCfg = Debug|Any CPU
		{8C9D22C1-6A06-42ED-9452-A6BE3BBE6281}.Debug|Any CPU.Build.0 = Debug|Any CPU
		{8C9D22C1-6A06-42ED-9452-A6BE3BBE6281}.Debug|ARM.ActiveCfg = Debug|Any CPU
		{8C9D22C1-6A06-42ED-9452-A6BE3BBE6281}.Debug|x86.ActiveCfg = Debug|Any CPU
		{8C9D22C1-6A06-42ED-9452-A6BE3BBE6281}.Release|Any CPU.ActiveCfg = Release|Any CPU
		{8C9D22C1-6A06-42ED-9452-A6BE3BBE6281}.Release|Any CPU.Build.0 = Release|Any CPU
		{8C9D22C1-6A06-42ED-9452-A6BE3BBE6281}.Release|ARM.ActiveCfg = Release|Any CPU
		{8C9D22C1-6A06-42ED-9452-A6BE3BBE6281}.Release|x86.ActiveCfg = Release|Any CPU
		{7D4E4419-4B4D-42C6-AD7A-9DEAAD90B3EF}.Debug|Any CPU.ActiveCfg = Debug|Any CPU
		{7D4E4419-4B4D-42C6-AD7A-9DEAAD90B3EF}.Debug|Any CPU.Build.0 = Debug|Any CPU
		{7D4E4419-4B4D-42C6-AD7A-9DEAAD90B3EF}.Debug|ARM.ActiveCfg = Debug|Any CPU
		{7D4E4419-4B4D-42C6-AD7A-9DEAAD90B3EF}.Debug|x86.ActiveCfg = Debug|Any CPU
		{7D4E4419-4B4D-42C6-AD7A-9DEAAD90B3EF}.Release|Any CPU.ActiveCfg = Release|Any CPU
		{7D4E4419-4B4D-42C6-AD7A-9DEAAD90B3EF}.Release|Any CPU.Build.0 = Release|Any CPU
		{7D4E4419-4B4D-42C6-AD7A-9DEAAD90B3EF}.Release|ARM.ActiveCfg = Release|Any CPU
		{7D4E4419-4B4D-42C6-AD7A-9DEAAD90B3EF}.Release|x86.ActiveCfg = Release|Any CPU
		{0D8F527D-868F-4DE3-8559-EA3597D9D079}.Debug|Any CPU.ActiveCfg = Debug|Any CPU
		{0D8F527D-868F-4DE3-8559-EA3597D9D079}.Debug|Any CPU.Build.0 = Debug|Any CPU
		{0D8F527D-868F-4DE3-8559-EA3597D9D079}.Debug|ARM.ActiveCfg = Debug|Any CPU
		{0D8F527D-868F-4DE3-8559-EA3597D9D079}.Debug|x86.ActiveCfg = Debug|Any CPU
		{0D8F527D-868F-4DE3-8559-EA3597D9D079}.Release|Any CPU.ActiveCfg = Release|Any CPU
		{0D8F527D-868F-4DE3-8559-EA3597D9D079}.Release|Any CPU.Build.0 = Release|Any CPU
		{0D8F527D-868F-4DE3-8559-EA3597D9D079}.Release|ARM.ActiveCfg = Release|Any CPU
		{0D8F527D-868F-4DE3-8559-EA3597D9D079}.Release|x86.ActiveCfg = Release|Any CPU
	EndGlobalSection
	GlobalSection(SolutionProperties) = preSolution
		HideSolutionNode = FALSE
	EndGlobalSection
EndGlobal
