
Microsoft Visual Studio Solution File, Format Version 11.00
# Visual Studio 2010
Project("{FAE04EC0-301F-11D3-BF4B-00C04F79EFBC}") = "MyToolkit.WP7.Extended", "Phone\MyToolkit.WP7.Extended.csproj", "{165D7BF6-152C-427F-97AE-F09A69F646AB}"
EndProject
Project("{FAE04EC0-301F-11D3-BF4B-00C04F79EFBC}") = "MyToolkit.Web", "Web\MyToolkit.Web.csproj", "{7D4E4419-4B4D-42C6-AD7A-9DEAAD90B3EF}"
EndProject
Project("{FAE04EC0-301F-11D3-BF4B-00C04F79EFBC}") = "MyToolkit.WPF", "WPF\MyToolkit.WPF.csproj", "{0D8F527D-868F-4DE3-8559-EA3597D9D079}"
EndProject
Project("{FAE04EC0-301F-11D3-BF4B-00C04F79EFBC}") = "MyToolkit.SL4", "Silverlight\MyToolkit.SL4.csproj", "{8C9D22C1-6A06-42ED-9452-A6BE3BBE6281}"
EndProject
Project("{FAE04EC0-301F-11D3-BF4B-00C04F79EFBC}") = "MyToolkit.WP7", "Phone\MyToolkit.WP7.csproj", "{FC75D593-3AA7-4C47-B7E2-64B791158BA4}"
EndProject
Global
	GlobalSection(SolutionConfigurationPlatforms) = preSolution
		Debug|Any CPU = Debug|Any CPU
		Release|Any CPU = Release|Any CPU
	EndGlobalSection
	GlobalSection(ProjectConfigurationPlatforms) = postSolution
		{165D7BF6-152C-427F-97AE-F09A69F646AB}.Debug|Any CPU.ActiveCfg = Debug|Any CPU
		{165D7BF6-152C-427F-97AE-F09A69F646AB}.Debug|Any CPU.Build.0 = Debug|Any CPU
		{165D7BF6-152C-427F-97AE-F09A69F646AB}.Release|Any CPU.ActiveCfg = Release|Any CPU
		{165D7BF6-152C-427F-97AE-F09A69F646AB}.Release|Any CPU.Build.0 = Release|Any CPU
		{7D4E4419-4B4D-42C6-AD7A-9DEAAD90B3EF}.Debug|Any CPU.ActiveCfg = Debug|Any CPU
		{7D4E4419-4B4D-42C6-AD7A-9DEAAD90B3EF}.Debug|Any CPU.Build.0 = Debug|Any CPU
		{7D4E4419-4B4D-42C6-AD7A-9DEAAD90B3EF}.Release|Any CPU.ActiveCfg = Release|Any CPU
		{7D4E4419-4B4D-42C6-AD7A-9DEAAD90B3EF}.Release|Any CPU.Build.0 = Release|Any CPU
		{0D8F527D-868F-4DE3-8559-EA3597D9D079}.Debug|Any CPU.ActiveCfg = Debug|Any CPU
		{0D8F527D-868F-4DE3-8559-EA3597D9D079}.Debug|Any CPU.Build.0 = Debug|Any CPU
		{0D8F527D-868F-4DE3-8559-EA3597D9D079}.Release|Any CPU.ActiveCfg = Release|Any CPU
		{0D8F527D-868F-4DE3-8559-EA3597D9D079}.Release|Any CPU.Build.0 = Release|Any CPU
		{8C9D22C1-6A06-42ED-9452-A6BE3BBE6281}.Debug|Any CPU.ActiveCfg = Debug|Any CPU
		{8C9D22C1-6A06-42ED-9452-A6BE3BBE6281}.Debug|Any CPU.Build.0 = Debug|Any CPU
		{8C9D22C1-6A06-42ED-9452-A6BE3BBE6281}.Release|Any CPU.ActiveCfg = Release|Any CPU
		{8C9D22C1-6A06-42ED-9452-A6BE3BBE6281}.Release|Any CPU.Build.0 = Release|Any CPU
		{FC75D593-3AA7-4C47-B7E2-64B791158BA4}.Debug|Any CPU.ActiveCfg = Debug|Any CPU
		{FC75D593-3AA7-4C47-B7E2-64B791158BA4}.Debug|Any CPU.Build.0 = Debug|Any CPU
		{FC75D593-3AA7-4C47-B7E2-64B791158BA4}.Release|Any CPU.ActiveCfg = Release|Any CPU
		{FC75D593-3AA7-4C47-B7E2-64B791158BA4}.Release|Any CPU.Build.0 = Release|Any CPU
	EndGlobalSection
	GlobalSection(SolutionProperties) = preSolution
		HideSolutionNode = FALSE
	EndGlobalSection
EndGlobal
