
Microsoft Visual Studio Solution File, Format Version 12.00
# Visual Studio 2013
VisualStudioVersion = 12.0.30723.0
MinimumVisualStudioVersion = 10.0.40219.1
Project("{2150E333-8FDC-42A3-9474-1A3956D46DE8}") = "NuGet", "NuGet", "{6D65D0E8-1C50-4CED-B77C-A0B75B441085}"
	ProjectSection(SolutionItems) = preProject
		Build\MyToolkit.Extended.nuspec = Build\MyToolkit.Extended.nuspec
		Build\MyToolkit.Http.nuspec = Build\MyToolkit.Http.nuspec
		Build\MyToolkit.nuspec = Build\MyToolkit.nuspec
		Build\MyToolkit.Web.nuspec = Build\MyToolkit.Web.nuspec
	EndProjectSection
EndProject
Project("{FAE04EC0-301F-11D3-BF4B-00C04F79EFBC}") = "MyToolkit.Web", "MyToolkit.Web\MyToolkit.Web.csproj", "{7D4E4419-4B4D-42C6-AD7A-9DEAAD90B3EF}"
EndProject
Project("{FAE04EC0-301F-11D3-BF4B-00C04F79EFBC}") = "MyToolkit.Extended.Wp8", "MyToolkit.Extended.Wp8\MyToolkit.Extended.Wp8.csproj", "{165D7BF6-152C-427F-97AE-F09A69F646AB}"
EndProject
Project("{FAE04EC0-301F-11D3-BF4B-00C04F79EFBC}") = "MyToolkit.Extended.Wpf45", "MyToolkit.Extended.Wpf\MyToolkit.Extended.Wpf45.csproj", "{0D8F527D-868F-4DE3-8559-EA3597D9D079}"
EndProject
Project("{FAE04EC0-301F-11D3-BF4B-00C04F79EFBC}") = "SamplePhoneApp", "SamplePhoneApp\SamplePhoneApp.csproj", "{AFE49CB8-BFF4-45D9-808B-E08FD412D8D7}"
EndProject
Project("{FAE04EC0-301F-11D3-BF4B-00C04F79EFBC}") = "SampleWindowsStoreApp", "SampleWindowsStoreApp\SampleWindowsStoreApp.csproj", "{965160CF-072F-4F1D-B0F5-68A8E603B4F2}"
EndProject
Project("{FAE04EC0-301F-11D3-BF4B-00C04F79EFBC}") = "MyToolkit.Http", "MyToolkit.Http\MyToolkit.Http.csproj", "{1A7DAA49-EA7E-4F25-8E4D-40DC11376B74}"
EndProject
Project("{FAE04EC0-301F-11D3-BF4B-00C04F79EFBC}") = "MyToolkit", "MyToolkit\MyToolkit.csproj", "{F01F49C0-5DA2-4757-B4E0-02EC7A187DED}"
EndProject
Project("{FAE04EC0-301F-11D3-BF4B-00C04F79EFBC}") = "MyToolkit.Extended.Wpf40", "MyToolkit.Extended.Wpf\MyToolkit.Extended.Wpf40.csproj", "{CD86B554-6261-4207-96F6-7795D1B81E05}"
EndProject
Project("{FAE04EC0-301F-11D3-BF4B-00C04F79EFBC}") = "MyToolkit.Extended.WinRT", "MyToolkit.Extended.WinRT\MyToolkit.Extended.WinRT.csproj", "{C5FF4B9F-18CB-4A29-91AC-C0EAFDA2EC8E}"
EndProject
Project("{FAE04EC0-301F-11D3-BF4B-00C04F79EFBC}") = "MyToolkit.MachineLearning.WinRT", "MyToolkit.Extended.WinRT\MyToolkit.MachineLearning.WinRT.csproj", "{85D42DE9-8D73-4876-9940-CDAE4E9EA4CC}"
EndProject
Project("{FAE04EC0-301F-11D3-BF4B-00C04F79EFBC}") = "SampleUniversalPhoneApp", "SampleUniversalPhoneApp\SampleUniversalPhoneApp.csproj", "{9E285F9C-3BE5-454E-AD2B-1BBBD833F91B}"
EndProject
Project("{FAE04EC0-301F-11D3-BF4B-00C04F79EFBC}") = "SampleWpfApplication", "SampleWpfApplication\SampleWpfApplication.csproj", "{0137729E-D2E5-41DD-851C-E878D24083C0}"
EndProject
Project("{2150E333-8FDC-42A3-9474-1A3956D46DE8}") = "Samples", "Samples", "{E4FCC2B9-B4C4-4490-A8D1-1FBF58C46ADF}"
EndProject
Project("{FAE04EC0-301F-11D3-BF4B-00C04F79EFBC}") = "SampleWindowsStoreApp.BackgroundTask", "SampleWindowsStoreApp.BackgroundTask\SampleWindowsStoreApp.BackgroundTask.csproj", "{D219F086-226D-4526-A06E-B2655CAE19B9}"
EndProject
Project("{2150E333-8FDC-42A3-9474-1A3956D46DE8}") = "Libraries", "Libraries", "{FE43777F-253C-4927-97CC-43ECDFA2D440}"
EndProject
Project("{FAE04EC0-301F-11D3-BF4B-00C04F79EFBC}") = "MyToolkit.Tests.WinRT", "MyToolkit.Tests.WinRT\MyToolkit.Tests.WinRT.csproj", "{A1BE9F3D-65B8-4CD8-A3A9-724D9B243E47}"
EndProject
Project("{FAE04EC0-301F-11D3-BF4B-00C04F79EFBC}") = "MyToolkit.Tests.Wp8", "MyToolkit.Tests.Wp8\MyToolkit.Tests.Wp8.csproj", "{7F59F752-ACD0-45AB-ABA6-862B5D68744F}"
EndProject
Project("{FAE04EC0-301F-11D3-BF4B-00C04F79EFBC}") = "MyToolkit.Tests.Wpf45", "MyToolkit.Tests.Wpf45\MyToolkit.Tests.Wpf45.csproj", "{EA79869F-6B69-4B35-A1F0-270BB31013E5}"
EndProject
Project("{2150E333-8FDC-42A3-9474-1A3956D46DE8}") = "Tests", "Tests", "{66E02D31-BCF3-4C82-AACF-28131C0B68E6}"
EndProject
Global
	GlobalSection(SolutionConfigurationPlatforms) = preSolution
		Debug|Any CPU = Debug|Any CPU
		Debug|ARM = Debug|ARM
		Debug|Mixed Platforms = Debug|Mixed Platforms
		Debug|x64 = Debug|x64
		Debug|x86 = Debug|x86
		Release|Any CPU = Release|Any CPU
		Release|ARM = Release|ARM
		Release|Mixed Platforms = Release|Mixed Platforms
		Release|x64 = Release|x64
		Release|x86 = Release|x86
	EndGlobalSection
	GlobalSection(ProjectConfigurationPlatforms) = postSolution
		{7D4E4419-4B4D-42C6-AD7A-9DEAAD90B3EF}.Debug|Any CPU.ActiveCfg = Debug|Any CPU
		{7D4E4419-4B4D-42C6-AD7A-9DEAAD90B3EF}.Debug|Any CPU.Build.0 = Debug|Any CPU
		{7D4E4419-4B4D-42C6-AD7A-9DEAAD90B3EF}.Debug|ARM.ActiveCfg = Debug|Any CPU
		{7D4E4419-4B4D-42C6-AD7A-9DEAAD90B3EF}.Debug|Mixed Platforms.ActiveCfg = Debug|Any CPU
		{7D4E4419-4B4D-42C6-AD7A-9DEAAD90B3EF}.Debug|Mixed Platforms.Build.0 = Debug|Any CPU
		{7D4E4419-4B4D-42C6-AD7A-9DEAAD90B3EF}.Debug|x64.ActiveCfg = Debug|Any CPU
		{7D4E4419-4B4D-42C6-AD7A-9DEAAD90B3EF}.Debug|x86.ActiveCfg = Debug|Any CPU
		{7D4E4419-4B4D-42C6-AD7A-9DEAAD90B3EF}.Release|Any CPU.ActiveCfg = Release|Any CPU
		{7D4E4419-4B4D-42C6-AD7A-9DEAAD90B3EF}.Release|Any CPU.Build.0 = Release|Any CPU
		{7D4E4419-4B4D-42C6-AD7A-9DEAAD90B3EF}.Release|ARM.ActiveCfg = Release|Any CPU
		{7D4E4419-4B4D-42C6-AD7A-9DEAAD90B3EF}.Release|Mixed Platforms.ActiveCfg = Release|Any CPU
		{7D4E4419-4B4D-42C6-AD7A-9DEAAD90B3EF}.Release|Mixed Platforms.Build.0 = Release|Any CPU
		{7D4E4419-4B4D-42C6-AD7A-9DEAAD90B3EF}.Release|x64.ActiveCfg = Release|Any CPU
		{7D4E4419-4B4D-42C6-AD7A-9DEAAD90B3EF}.Release|x86.ActiveCfg = Release|Any CPU
		{165D7BF6-152C-427F-97AE-F09A69F646AB}.Debug|Any CPU.ActiveCfg = Debug|Any CPU
		{165D7BF6-152C-427F-97AE-F09A69F646AB}.Debug|Any CPU.Build.0 = Debug|Any CPU
		{165D7BF6-152C-427F-97AE-F09A69F646AB}.Debug|ARM.ActiveCfg = Debug|ARM
		{165D7BF6-152C-427F-97AE-F09A69F646AB}.Debug|ARM.Build.0 = Debug|ARM
		{165D7BF6-152C-427F-97AE-F09A69F646AB}.Debug|Mixed Platforms.ActiveCfg = Debug|x86
		{165D7BF6-152C-427F-97AE-F09A69F646AB}.Debug|Mixed Platforms.Build.0 = Debug|x86
		{165D7BF6-152C-427F-97AE-F09A69F646AB}.Debug|x64.ActiveCfg = Debug|Any CPU
		{165D7BF6-152C-427F-97AE-F09A69F646AB}.Debug|x86.ActiveCfg = Debug|x86
		{165D7BF6-152C-427F-97AE-F09A69F646AB}.Debug|x86.Build.0 = Debug|x86
		{165D7BF6-152C-427F-97AE-F09A69F646AB}.Release|Any CPU.ActiveCfg = Release|Any CPU
		{165D7BF6-152C-427F-97AE-F09A69F646AB}.Release|Any CPU.Build.0 = Release|Any CPU
		{165D7BF6-152C-427F-97AE-F09A69F646AB}.Release|ARM.ActiveCfg = Release|ARM
		{165D7BF6-152C-427F-97AE-F09A69F646AB}.Release|ARM.Build.0 = Release|ARM
		{165D7BF6-152C-427F-97AE-F09A69F646AB}.Release|Mixed Platforms.ActiveCfg = Release|x86
		{165D7BF6-152C-427F-97AE-F09A69F646AB}.Release|Mixed Platforms.Build.0 = Release|x86
		{165D7BF6-152C-427F-97AE-F09A69F646AB}.Release|x64.ActiveCfg = Release|Any CPU
		{165D7BF6-152C-427F-97AE-F09A69F646AB}.Release|x86.ActiveCfg = Release|x86
		{165D7BF6-152C-427F-97AE-F09A69F646AB}.Release|x86.Build.0 = Release|x86
		{0D8F527D-868F-4DE3-8559-EA3597D9D079}.Debug|Any CPU.ActiveCfg = Debug|Any CPU
		{0D8F527D-868F-4DE3-8559-EA3597D9D079}.Debug|Any CPU.Build.0 = Debug|Any CPU
		{0D8F527D-868F-4DE3-8559-EA3597D9D079}.Debug|ARM.ActiveCfg = Debug|Any CPU
		{0D8F527D-868F-4DE3-8559-EA3597D9D079}.Debug|Mixed Platforms.ActiveCfg = Debug|Any CPU
		{0D8F527D-868F-4DE3-8559-EA3597D9D079}.Debug|Mixed Platforms.Build.0 = Debug|Any CPU
		{0D8F527D-868F-4DE3-8559-EA3597D9D079}.Debug|x64.ActiveCfg = Debug|Any CPU
		{0D8F527D-868F-4DE3-8559-EA3597D9D079}.Debug|x86.ActiveCfg = Debug|Any CPU
		{0D8F527D-868F-4DE3-8559-EA3597D9D079}.Release|Any CPU.ActiveCfg = Release|Any CPU
		{0D8F527D-868F-4DE3-8559-EA3597D9D079}.Release|Any CPU.Build.0 = Release|Any CPU
		{0D8F527D-868F-4DE3-8559-EA3597D9D079}.Release|ARM.ActiveCfg = Release|Any CPU
		{0D8F527D-868F-4DE3-8559-EA3597D9D079}.Release|Mixed Platforms.ActiveCfg = Release|Any CPU
		{0D8F527D-868F-4DE3-8559-EA3597D9D079}.Release|Mixed Platforms.Build.0 = Release|Any CPU
		{0D8F527D-868F-4DE3-8559-EA3597D9D079}.Release|x64.ActiveCfg = Release|Any CPU
		{0D8F527D-868F-4DE3-8559-EA3597D9D079}.Release|x86.ActiveCfg = Release|Any CPU
		{AFE49CB8-BFF4-45D9-808B-E08FD412D8D7}.Debug|Any CPU.ActiveCfg = Debug|Any CPU
		{AFE49CB8-BFF4-45D9-808B-E08FD412D8D7}.Debug|Any CPU.Build.0 = Debug|Any CPU
		{AFE49CB8-BFF4-45D9-808B-E08FD412D8D7}.Debug|Any CPU.Deploy.0 = Debug|Any CPU
		{AFE49CB8-BFF4-45D9-808B-E08FD412D8D7}.Debug|ARM.ActiveCfg = Debug|Any CPU
		{AFE49CB8-BFF4-45D9-808B-E08FD412D8D7}.Debug|Mixed Platforms.ActiveCfg = Debug|x86
		{AFE49CB8-BFF4-45D9-808B-E08FD412D8D7}.Debug|Mixed Platforms.Build.0 = Debug|x86
		{AFE49CB8-BFF4-45D9-808B-E08FD412D8D7}.Debug|Mixed Platforms.Deploy.0 = Debug|x86
		{AFE49CB8-BFF4-45D9-808B-E08FD412D8D7}.Debug|x64.ActiveCfg = Debug|Any CPU
		{AFE49CB8-BFF4-45D9-808B-E08FD412D8D7}.Debug|x86.ActiveCfg = Debug|Any CPU
		{AFE49CB8-BFF4-45D9-808B-E08FD412D8D7}.Release|Any CPU.ActiveCfg = Release|Any CPU
		{AFE49CB8-BFF4-45D9-808B-E08FD412D8D7}.Release|Any CPU.Build.0 = Release|Any CPU
		{AFE49CB8-BFF4-45D9-808B-E08FD412D8D7}.Release|Any CPU.Deploy.0 = Release|Any CPU
		{AFE49CB8-BFF4-45D9-808B-E08FD412D8D7}.Release|ARM.ActiveCfg = Release|Any CPU
		{AFE49CB8-BFF4-45D9-808B-E08FD412D8D7}.Release|Mixed Platforms.ActiveCfg = Release|x86
		{AFE49CB8-BFF4-45D9-808B-E08FD412D8D7}.Release|Mixed Platforms.Build.0 = Release|x86
		{AFE49CB8-BFF4-45D9-808B-E08FD412D8D7}.Release|Mixed Platforms.Deploy.0 = Release|x86
		{AFE49CB8-BFF4-45D9-808B-E08FD412D8D7}.Release|x64.ActiveCfg = Release|Any CPU
		{AFE49CB8-BFF4-45D9-808B-E08FD412D8D7}.Release|x86.ActiveCfg = Release|Any CPU
		{965160CF-072F-4F1D-B0F5-68A8E603B4F2}.Debug|Any CPU.ActiveCfg = Debug|Any CPU
		{965160CF-072F-4F1D-B0F5-68A8E603B4F2}.Debug|Any CPU.Build.0 = Debug|Any CPU
		{965160CF-072F-4F1D-B0F5-68A8E603B4F2}.Debug|Any CPU.Deploy.0 = Debug|Any CPU
		{965160CF-072F-4F1D-B0F5-68A8E603B4F2}.Debug|ARM.ActiveCfg = Debug|ARM
		{965160CF-072F-4F1D-B0F5-68A8E603B4F2}.Debug|ARM.Build.0 = Debug|ARM
		{965160CF-072F-4F1D-B0F5-68A8E603B4F2}.Debug|ARM.Deploy.0 = Debug|ARM
		{965160CF-072F-4F1D-B0F5-68A8E603B4F2}.Debug|Mixed Platforms.ActiveCfg = Debug|x86
		{965160CF-072F-4F1D-B0F5-68A8E603B4F2}.Debug|Mixed Platforms.Build.0 = Debug|x86
		{965160CF-072F-4F1D-B0F5-68A8E603B4F2}.Debug|Mixed Platforms.Deploy.0 = Debug|x86
		{965160CF-072F-4F1D-B0F5-68A8E603B4F2}.Debug|x64.ActiveCfg = Debug|x64
		{965160CF-072F-4F1D-B0F5-68A8E603B4F2}.Debug|x64.Build.0 = Debug|x64
		{965160CF-072F-4F1D-B0F5-68A8E603B4F2}.Debug|x64.Deploy.0 = Debug|x64
		{965160CF-072F-4F1D-B0F5-68A8E603B4F2}.Debug|x86.ActiveCfg = Debug|x86
		{965160CF-072F-4F1D-B0F5-68A8E603B4F2}.Debug|x86.Build.0 = Debug|x86
		{965160CF-072F-4F1D-B0F5-68A8E603B4F2}.Debug|x86.Deploy.0 = Debug|x86
		{965160CF-072F-4F1D-B0F5-68A8E603B4F2}.Release|Any CPU.ActiveCfg = Release|Any CPU
		{965160CF-072F-4F1D-B0F5-68A8E603B4F2}.Release|Any CPU.Build.0 = Release|Any CPU
		{965160CF-072F-4F1D-B0F5-68A8E603B4F2}.Release|Any CPU.Deploy.0 = Release|Any CPU
		{965160CF-072F-4F1D-B0F5-68A8E603B4F2}.Release|ARM.ActiveCfg = Release|ARM
		{965160CF-072F-4F1D-B0F5-68A8E603B4F2}.Release|ARM.Build.0 = Release|ARM
		{965160CF-072F-4F1D-B0F5-68A8E603B4F2}.Release|ARM.Deploy.0 = Release|ARM
		{965160CF-072F-4F1D-B0F5-68A8E603B4F2}.Release|Mixed Platforms.ActiveCfg = Release|x86
		{965160CF-072F-4F1D-B0F5-68A8E603B4F2}.Release|Mixed Platforms.Build.0 = Release|x86
		{965160CF-072F-4F1D-B0F5-68A8E603B4F2}.Release|Mixed Platforms.Deploy.0 = Release|x86
		{965160CF-072F-4F1D-B0F5-68A8E603B4F2}.Release|x64.ActiveCfg = Release|x64
		{965160CF-072F-4F1D-B0F5-68A8E603B4F2}.Release|x64.Build.0 = Release|x64
		{965160CF-072F-4F1D-B0F5-68A8E603B4F2}.Release|x64.Deploy.0 = Release|x64
		{965160CF-072F-4F1D-B0F5-68A8E603B4F2}.Release|x86.ActiveCfg = Release|x86
		{965160CF-072F-4F1D-B0F5-68A8E603B4F2}.Release|x86.Build.0 = Release|x86
		{965160CF-072F-4F1D-B0F5-68A8E603B4F2}.Release|x86.Deploy.0 = Release|x86
		{1A7DAA49-EA7E-4F25-8E4D-40DC11376B74}.Debug|Any CPU.ActiveCfg = Debug|Any CPU
		{1A7DAA49-EA7E-4F25-8E4D-40DC11376B74}.Debug|Any CPU.Build.0 = Debug|Any CPU
		{1A7DAA49-EA7E-4F25-8E4D-40DC11376B74}.Debug|ARM.ActiveCfg = Debug|Any CPU
		{1A7DAA49-EA7E-4F25-8E4D-40DC11376B74}.Debug|Mixed Platforms.ActiveCfg = Debug|Any CPU
		{1A7DAA49-EA7E-4F25-8E4D-40DC11376B74}.Debug|Mixed Platforms.Build.0 = Debug|Any CPU
		{1A7DAA49-EA7E-4F25-8E4D-40DC11376B74}.Debug|x64.ActiveCfg = Debug|Any CPU
		{1A7DAA49-EA7E-4F25-8E4D-40DC11376B74}.Debug|x86.ActiveCfg = Debug|Any CPU
		{1A7DAA49-EA7E-4F25-8E4D-40DC11376B74}.Release|Any CPU.ActiveCfg = Release|Any CPU
		{1A7DAA49-EA7E-4F25-8E4D-40DC11376B74}.Release|Any CPU.Build.0 = Release|Any CPU
		{1A7DAA49-EA7E-4F25-8E4D-40DC11376B74}.Release|ARM.ActiveCfg = Release|Any CPU
		{1A7DAA49-EA7E-4F25-8E4D-40DC11376B74}.Release|Mixed Platforms.ActiveCfg = Release|Any CPU
		{1A7DAA49-EA7E-4F25-8E4D-40DC11376B74}.Release|Mixed Platforms.Build.0 = Release|Any CPU
		{1A7DAA49-EA7E-4F25-8E4D-40DC11376B74}.Release|x64.ActiveCfg = Release|Any CPU
		{1A7DAA49-EA7E-4F25-8E4D-40DC11376B74}.Release|x86.ActiveCfg = Release|Any CPU
		{F01F49C0-5DA2-4757-B4E0-02EC7A187DED}.Debug|Any CPU.ActiveCfg = Debug|Any CPU
		{F01F49C0-5DA2-4757-B4E0-02EC7A187DED}.Debug|Any CPU.Build.0 = Debug|Any CPU
		{F01F49C0-5DA2-4757-B4E0-02EC7A187DED}.Debug|ARM.ActiveCfg = Debug|Any CPU
		{F01F49C0-5DA2-4757-B4E0-02EC7A187DED}.Debug|Mixed Platforms.ActiveCfg = Debug|Any CPU
		{F01F49C0-5DA2-4757-B4E0-02EC7A187DED}.Debug|Mixed Platforms.Build.0 = Debug|Any CPU
		{F01F49C0-5DA2-4757-B4E0-02EC7A187DED}.Debug|x64.ActiveCfg = Debug|Any CPU
		{F01F49C0-5DA2-4757-B4E0-02EC7A187DED}.Debug|x86.ActiveCfg = Debug|Any CPU
		{F01F49C0-5DA2-4757-B4E0-02EC7A187DED}.Release|Any CPU.ActiveCfg = Release|Any CPU
		{F01F49C0-5DA2-4757-B4E0-02EC7A187DED}.Release|Any CPU.Build.0 = Release|Any CPU
		{F01F49C0-5DA2-4757-B4E0-02EC7A187DED}.Release|ARM.ActiveCfg = Release|Any CPU
		{F01F49C0-5DA2-4757-B4E0-02EC7A187DED}.Release|Mixed Platforms.ActiveCfg = Release|Any CPU
		{F01F49C0-5DA2-4757-B4E0-02EC7A187DED}.Release|Mixed Platforms.Build.0 = Release|Any CPU
		{F01F49C0-5DA2-4757-B4E0-02EC7A187DED}.Release|x64.ActiveCfg = Release|Any CPU
		{F01F49C0-5DA2-4757-B4E0-02EC7A187DED}.Release|x86.ActiveCfg = Release|Any CPU
		{CD86B554-6261-4207-96F6-7795D1B81E05}.Debug|Any CPU.ActiveCfg = Debug|Any CPU
		{CD86B554-6261-4207-96F6-7795D1B81E05}.Debug|Any CPU.Build.0 = Debug|Any CPU
		{CD86B554-6261-4207-96F6-7795D1B81E05}.Debug|ARM.ActiveCfg = Debug|Any CPU
		{CD86B554-6261-4207-96F6-7795D1B81E05}.Debug|Mixed Platforms.ActiveCfg = Debug|Any CPU
		{CD86B554-6261-4207-96F6-7795D1B81E05}.Debug|Mixed Platforms.Build.0 = Debug|Any CPU
		{CD86B554-6261-4207-96F6-7795D1B81E05}.Debug|x64.ActiveCfg = Debug|Any CPU
		{CD86B554-6261-4207-96F6-7795D1B81E05}.Debug|x86.ActiveCfg = Debug|Any CPU
		{CD86B554-6261-4207-96F6-7795D1B81E05}.Release|Any CPU.ActiveCfg = Release|Any CPU
		{CD86B554-6261-4207-96F6-7795D1B81E05}.Release|Any CPU.Build.0 = Release|Any CPU
		{CD86B554-6261-4207-96F6-7795D1B81E05}.Release|ARM.ActiveCfg = Release|Any CPU
		{CD86B554-6261-4207-96F6-7795D1B81E05}.Release|Mixed Platforms.ActiveCfg = Release|Any CPU
		{CD86B554-6261-4207-96F6-7795D1B81E05}.Release|Mixed Platforms.Build.0 = Release|Any CPU
		{CD86B554-6261-4207-96F6-7795D1B81E05}.Release|x64.ActiveCfg = Release|Any CPU
		{CD86B554-6261-4207-96F6-7795D1B81E05}.Release|x86.ActiveCfg = Release|Any CPU
		{C5FF4B9F-18CB-4A29-91AC-C0EAFDA2EC8E}.Debug|Any CPU.ActiveCfg = Debug|Any CPU
		{C5FF4B9F-18CB-4A29-91AC-C0EAFDA2EC8E}.Debug|Any CPU.Build.0 = Debug|Any CPU
		{C5FF4B9F-18CB-4A29-91AC-C0EAFDA2EC8E}.Debug|ARM.ActiveCfg = Debug|Any CPU
		{C5FF4B9F-18CB-4A29-91AC-C0EAFDA2EC8E}.Debug|Mixed Platforms.ActiveCfg = Debug|Any CPU
		{C5FF4B9F-18CB-4A29-91AC-C0EAFDA2EC8E}.Debug|Mixed Platforms.Build.0 = Debug|Any CPU
		{C5FF4B9F-18CB-4A29-91AC-C0EAFDA2EC8E}.Debug|x64.ActiveCfg = Debug|Any CPU
		{C5FF4B9F-18CB-4A29-91AC-C0EAFDA2EC8E}.Debug|x86.ActiveCfg = Debug|Any CPU
		{C5FF4B9F-18CB-4A29-91AC-C0EAFDA2EC8E}.Release|Any CPU.ActiveCfg = Release|Any CPU
		{C5FF4B9F-18CB-4A29-91AC-C0EAFDA2EC8E}.Release|Any CPU.Build.0 = Release|Any CPU
		{C5FF4B9F-18CB-4A29-91AC-C0EAFDA2EC8E}.Release|ARM.ActiveCfg = Release|Any CPU
		{C5FF4B9F-18CB-4A29-91AC-C0EAFDA2EC8E}.Release|Mixed Platforms.ActiveCfg = Release|Any CPU
		{C5FF4B9F-18CB-4A29-91AC-C0EAFDA2EC8E}.Release|Mixed Platforms.Build.0 = Release|Any CPU
		{C5FF4B9F-18CB-4A29-91AC-C0EAFDA2EC8E}.Release|x64.ActiveCfg = Release|Any CPU
		{C5FF4B9F-18CB-4A29-91AC-C0EAFDA2EC8E}.Release|x86.ActiveCfg = Release|Any CPU
		{85D42DE9-8D73-4876-9940-CDAE4E9EA4CC}.Debug|Any CPU.ActiveCfg = Debug|Any CPU
		{85D42DE9-8D73-4876-9940-CDAE4E9EA4CC}.Debug|Any CPU.Build.0 = Debug|Any CPU
		{85D42DE9-8D73-4876-9940-CDAE4E9EA4CC}.Debug|ARM.ActiveCfg = Debug|Any CPU
		{85D42DE9-8D73-4876-9940-CDAE4E9EA4CC}.Debug|Mixed Platforms.ActiveCfg = Debug|Any CPU
		{85D42DE9-8D73-4876-9940-CDAE4E9EA4CC}.Debug|Mixed Platforms.Build.0 = Debug|Any CPU
		{85D42DE9-8D73-4876-9940-CDAE4E9EA4CC}.Debug|x64.ActiveCfg = Debug|Any CPU
		{85D42DE9-8D73-4876-9940-CDAE4E9EA4CC}.Debug|x86.ActiveCfg = Debug|Any CPU
		{85D42DE9-8D73-4876-9940-CDAE4E9EA4CC}.Release|Any CPU.ActiveCfg = Release|Any CPU
		{85D42DE9-8D73-4876-9940-CDAE4E9EA4CC}.Release|Any CPU.Build.0 = Release|Any CPU
		{85D42DE9-8D73-4876-9940-CDAE4E9EA4CC}.Release|ARM.ActiveCfg = Release|Any CPU
		{85D42DE9-8D73-4876-9940-CDAE4E9EA4CC}.Release|Mixed Platforms.ActiveCfg = Release|Any CPU
		{85D42DE9-8D73-4876-9940-CDAE4E9EA4CC}.Release|Mixed Platforms.Build.0 = Release|Any CPU
		{85D42DE9-8D73-4876-9940-CDAE4E9EA4CC}.Release|x64.ActiveCfg = Release|Any CPU
		{85D42DE9-8D73-4876-9940-CDAE4E9EA4CC}.Release|x86.ActiveCfg = Release|Any CPU
		{9E285F9C-3BE5-454E-AD2B-1BBBD833F91B}.Debug|Any CPU.ActiveCfg = Debug|Any CPU
		{9E285F9C-3BE5-454E-AD2B-1BBBD833F91B}.Debug|Any CPU.Build.0 = Debug|Any CPU
		{9E285F9C-3BE5-454E-AD2B-1BBBD833F91B}.Debug|Any CPU.Deploy.0 = Debug|Any CPU
		{9E285F9C-3BE5-454E-AD2B-1BBBD833F91B}.Debug|ARM.ActiveCfg = Debug|ARM
		{9E285F9C-3BE5-454E-AD2B-1BBBD833F91B}.Debug|ARM.Build.0 = Debug|ARM
		{9E285F9C-3BE5-454E-AD2B-1BBBD833F91B}.Debug|ARM.Deploy.0 = Debug|ARM
		{9E285F9C-3BE5-454E-AD2B-1BBBD833F91B}.Debug|Mixed Platforms.ActiveCfg = Debug|x86
		{9E285F9C-3BE5-454E-AD2B-1BBBD833F91B}.Debug|Mixed Platforms.Build.0 = Debug|x86
		{9E285F9C-3BE5-454E-AD2B-1BBBD833F91B}.Debug|Mixed Platforms.Deploy.0 = Debug|x86
		{9E285F9C-3BE5-454E-AD2B-1BBBD833F91B}.Debug|x64.ActiveCfg = Debug|Any CPU
		{9E285F9C-3BE5-454E-AD2B-1BBBD833F91B}.Debug|x86.ActiveCfg = Debug|x86
		{9E285F9C-3BE5-454E-AD2B-1BBBD833F91B}.Debug|x86.Build.0 = Debug|x86
		{9E285F9C-3BE5-454E-AD2B-1BBBD833F91B}.Debug|x86.Deploy.0 = Debug|x86
		{9E285F9C-3BE5-454E-AD2B-1BBBD833F91B}.Release|Any CPU.ActiveCfg = Release|Any CPU
		{9E285F9C-3BE5-454E-AD2B-1BBBD833F91B}.Release|Any CPU.Build.0 = Release|Any CPU
		{9E285F9C-3BE5-454E-AD2B-1BBBD833F91B}.Release|Any CPU.Deploy.0 = Release|Any CPU
		{9E285F9C-3BE5-454E-AD2B-1BBBD833F91B}.Release|ARM.ActiveCfg = Release|ARM
		{9E285F9C-3BE5-454E-AD2B-1BBBD833F91B}.Release|ARM.Build.0 = Release|ARM
		{9E285F9C-3BE5-454E-AD2B-1BBBD833F91B}.Release|ARM.Deploy.0 = Release|ARM
		{9E285F9C-3BE5-454E-AD2B-1BBBD833F91B}.Release|Mixed Platforms.ActiveCfg = Release|x86
		{9E285F9C-3BE5-454E-AD2B-1BBBD833F91B}.Release|Mixed Platforms.Build.0 = Release|x86
		{9E285F9C-3BE5-454E-AD2B-1BBBD833F91B}.Release|Mixed Platforms.Deploy.0 = Release|x86
		{9E285F9C-3BE5-454E-AD2B-1BBBD833F91B}.Release|x64.ActiveCfg = Release|Any CPU
		{9E285F9C-3BE5-454E-AD2B-1BBBD833F91B}.Release|x86.ActiveCfg = Release|x86
		{9E285F9C-3BE5-454E-AD2B-1BBBD833F91B}.Release|x86.Build.0 = Release|x86
		{9E285F9C-3BE5-454E-AD2B-1BBBD833F91B}.Release|x86.Deploy.0 = Release|x86
		{0137729E-D2E5-41DD-851C-E878D24083C0}.Debug|Any CPU.ActiveCfg = Debug|Any CPU
		{0137729E-D2E5-41DD-851C-E878D24083C0}.Debug|Any CPU.Build.0 = Debug|Any CPU
		{0137729E-D2E5-41DD-851C-E878D24083C0}.Debug|ARM.ActiveCfg = Debug|Any CPU
		{0137729E-D2E5-41DD-851C-E878D24083C0}.Debug|Mixed Platforms.ActiveCfg = Debug|Any CPU
		{0137729E-D2E5-41DD-851C-E878D24083C0}.Debug|Mixed Platforms.Build.0 = Debug|Any CPU
		{0137729E-D2E5-41DD-851C-E878D24083C0}.Debug|x64.ActiveCfg = Debug|Any CPU
		{0137729E-D2E5-41DD-851C-E878D24083C0}.Debug|x86.ActiveCfg = Debug|Any CPU
		{0137729E-D2E5-41DD-851C-E878D24083C0}.Release|Any CPU.ActiveCfg = Release|Any CPU
		{0137729E-D2E5-41DD-851C-E878D24083C0}.Release|Any CPU.Build.0 = Release|Any CPU
		{0137729E-D2E5-41DD-851C-E878D24083C0}.Release|ARM.ActiveCfg = Release|Any CPU
		{0137729E-D2E5-41DD-851C-E878D24083C0}.Release|Mixed Platforms.ActiveCfg = Release|Any CPU
		{0137729E-D2E5-41DD-851C-E878D24083C0}.Release|Mixed Platforms.Build.0 = Release|Any CPU
		{0137729E-D2E5-41DD-851C-E878D24083C0}.Release|x64.ActiveCfg = Release|Any CPU
		{0137729E-D2E5-41DD-851C-E878D24083C0}.Release|x86.ActiveCfg = Release|Any CPU
		{D219F086-226D-4526-A06E-B2655CAE19B9}.Debug|Any CPU.ActiveCfg = Debug|Any CPU
		{D219F086-226D-4526-A06E-B2655CAE19B9}.Debug|Any CPU.Build.0 = Debug|Any CPU
		{D219F086-226D-4526-A06E-B2655CAE19B9}.Debug|ARM.ActiveCfg = Debug|Any CPU
		{D219F086-226D-4526-A06E-B2655CAE19B9}.Debug|Mixed Platforms.ActiveCfg = Debug|Any CPU
		{D219F086-226D-4526-A06E-B2655CAE19B9}.Debug|Mixed Platforms.Build.0 = Debug|Any CPU
		{D219F086-226D-4526-A06E-B2655CAE19B9}.Debug|x64.ActiveCfg = Debug|Any CPU
		{D219F086-226D-4526-A06E-B2655CAE19B9}.Debug|x86.ActiveCfg = Debug|Any CPU
		{D219F086-226D-4526-A06E-B2655CAE19B9}.Release|Any CPU.ActiveCfg = Release|Any CPU
		{D219F086-226D-4526-A06E-B2655CAE19B9}.Release|Any CPU.Build.0 = Release|Any CPU
		{D219F086-226D-4526-A06E-B2655CAE19B9}.Release|ARM.ActiveCfg = Release|Any CPU
		{D219F086-226D-4526-A06E-B2655CAE19B9}.Release|Mixed Platforms.ActiveCfg = Release|Any CPU
		{D219F086-226D-4526-A06E-B2655CAE19B9}.Release|Mixed Platforms.Build.0 = Release|Any CPU
		{D219F086-226D-4526-A06E-B2655CAE19B9}.Release|x64.ActiveCfg = Release|Any CPU
		{D219F086-226D-4526-A06E-B2655CAE19B9}.Release|x86.ActiveCfg = Release|Any CPU
		{A1BE9F3D-65B8-4CD8-A3A9-724D9B243E47}.Debug|Any CPU.ActiveCfg = Debug|Any CPU
		{A1BE9F3D-65B8-4CD8-A3A9-724D9B243E47}.Debug|Any CPU.Build.0 = Debug|Any CPU
		{A1BE9F3D-65B8-4CD8-A3A9-724D9B243E47}.Debug|Any CPU.Deploy.0 = Debug|Any CPU
		{A1BE9F3D-65B8-4CD8-A3A9-724D9B243E47}.Debug|ARM.ActiveCfg = Debug|ARM
		{A1BE9F3D-65B8-4CD8-A3A9-724D9B243E47}.Debug|ARM.Build.0 = Debug|ARM
		{A1BE9F3D-65B8-4CD8-A3A9-724D9B243E47}.Debug|ARM.Deploy.0 = Debug|ARM
		{A1BE9F3D-65B8-4CD8-A3A9-724D9B243E47}.Debug|Mixed Platforms.ActiveCfg = Debug|x86
		{A1BE9F3D-65B8-4CD8-A3A9-724D9B243E47}.Debug|Mixed Platforms.Build.0 = Debug|x86
		{A1BE9F3D-65B8-4CD8-A3A9-724D9B243E47}.Debug|Mixed Platforms.Deploy.0 = Debug|x86
		{A1BE9F3D-65B8-4CD8-A3A9-724D9B243E47}.Debug|x64.ActiveCfg = Debug|x64
		{A1BE9F3D-65B8-4CD8-A3A9-724D9B243E47}.Debug|x64.Build.0 = Debug|x64
		{A1BE9F3D-65B8-4CD8-A3A9-724D9B243E47}.Debug|x64.Deploy.0 = Debug|x64
		{A1BE9F3D-65B8-4CD8-A3A9-724D9B243E47}.Debug|x86.ActiveCfg = Debug|x86
		{A1BE9F3D-65B8-4CD8-A3A9-724D9B243E47}.Debug|x86.Build.0 = Debug|x86
		{A1BE9F3D-65B8-4CD8-A3A9-724D9B243E47}.Debug|x86.Deploy.0 = Debug|x86
		{A1BE9F3D-65B8-4CD8-A3A9-724D9B243E47}.Release|Any CPU.ActiveCfg = Release|Any CPU
		{A1BE9F3D-65B8-4CD8-A3A9-724D9B243E47}.Release|Any CPU.Build.0 = Release|Any CPU
		{A1BE9F3D-65B8-4CD8-A3A9-724D9B243E47}.Release|Any CPU.Deploy.0 = Release|Any CPU
		{A1BE9F3D-65B8-4CD8-A3A9-724D9B243E47}.Release|ARM.ActiveCfg = Release|ARM
		{A1BE9F3D-65B8-4CD8-A3A9-724D9B243E47}.Release|ARM.Build.0 = Release|ARM
		{A1BE9F3D-65B8-4CD8-A3A9-724D9B243E47}.Release|ARM.Deploy.0 = Release|ARM
		{A1BE9F3D-65B8-4CD8-A3A9-724D9B243E47}.Release|Mixed Platforms.ActiveCfg = Release|x86
		{A1BE9F3D-65B8-4CD8-A3A9-724D9B243E47}.Release|Mixed Platforms.Build.0 = Release|x86
		{A1BE9F3D-65B8-4CD8-A3A9-724D9B243E47}.Release|Mixed Platforms.Deploy.0 = Release|x86
		{A1BE9F3D-65B8-4CD8-A3A9-724D9B243E47}.Release|x64.ActiveCfg = Release|x64
		{A1BE9F3D-65B8-4CD8-A3A9-724D9B243E47}.Release|x64.Build.0 = Release|x64
		{A1BE9F3D-65B8-4CD8-A3A9-724D9B243E47}.Release|x64.Deploy.0 = Release|x64
		{A1BE9F3D-65B8-4CD8-A3A9-724D9B243E47}.Release|x86.ActiveCfg = Release|x86
		{A1BE9F3D-65B8-4CD8-A3A9-724D9B243E47}.Release|x86.Build.0 = Release|x86
		{A1BE9F3D-65B8-4CD8-A3A9-724D9B243E47}.Release|x86.Deploy.0 = Release|x86
		{7F59F752-ACD0-45AB-ABA6-862B5D68744F}.Debug|Any CPU.ActiveCfg = Debug|x86
		{7F59F752-ACD0-45AB-ABA6-862B5D68744F}.Debug|Any CPU.Build.0 = Debug|x86
		{7F59F752-ACD0-45AB-ABA6-862B5D68744F}.Debug|Any CPU.Deploy.0 = Debug|x86
		{7F59F752-ACD0-45AB-ABA6-862B5D68744F}.Debug|ARM.ActiveCfg = Debug|ARM
		{7F59F752-ACD0-45AB-ABA6-862B5D68744F}.Debug|ARM.Build.0 = Debug|ARM
		{7F59F752-ACD0-45AB-ABA6-862B5D68744F}.Debug|ARM.Deploy.0 = Debug|ARM
		{7F59F752-ACD0-45AB-ABA6-862B5D68744F}.Debug|Mixed Platforms.ActiveCfg = Debug|x86
		{7F59F752-ACD0-45AB-ABA6-862B5D68744F}.Debug|Mixed Platforms.Build.0 = Debug|x86
		{7F59F752-ACD0-45AB-ABA6-862B5D68744F}.Debug|Mixed Platforms.Deploy.0 = Debug|x86
		{7F59F752-ACD0-45AB-ABA6-862B5D68744F}.Debug|x64.ActiveCfg = Debug|x86
		{7F59F752-ACD0-45AB-ABA6-862B5D68744F}.Debug|x86.ActiveCfg = Debug|x86
		{7F59F752-ACD0-45AB-ABA6-862B5D68744F}.Debug|x86.Build.0 = Debug|x86
		{7F59F752-ACD0-45AB-ABA6-862B5D68744F}.Debug|x86.Deploy.0 = Debug|x86
		{7F59F752-ACD0-45AB-ABA6-862B5D68744F}.Release|Any CPU.ActiveCfg = Release|x86
		{7F59F752-ACD0-45AB-ABA6-862B5D68744F}.Release|Any CPU.Build.0 = Release|x86
		{7F59F752-ACD0-45AB-ABA6-862B5D68744F}.Release|Any CPU.Deploy.0 = Release|x86
		{7F59F752-ACD0-45AB-ABA6-862B5D68744F}.Release|ARM.ActiveCfg = Release|ARM
		{7F59F752-ACD0-45AB-ABA6-862B5D68744F}.Release|ARM.Build.0 = Release|ARM
		{7F59F752-ACD0-45AB-ABA6-862B5D68744F}.Release|ARM.Deploy.0 = Release|ARM
		{7F59F752-ACD0-45AB-ABA6-862B5D68744F}.Release|Mixed Platforms.ActiveCfg = Release|x86
		{7F59F752-ACD0-45AB-ABA6-862B5D68744F}.Release|Mixed Platforms.Build.0 = Release|x86
		{7F59F752-ACD0-45AB-ABA6-862B5D68744F}.Release|Mixed Platforms.Deploy.0 = Release|x86
		{7F59F752-ACD0-45AB-ABA6-862B5D68744F}.Release|x64.ActiveCfg = Release|x86
		{7F59F752-ACD0-45AB-ABA6-862B5D68744F}.Release|x86.ActiveCfg = Release|x86
		{7F59F752-ACD0-45AB-ABA6-862B5D68744F}.Release|x86.Build.0 = Release|x86
		{7F59F752-ACD0-45AB-ABA6-862B5D68744F}.Release|x86.Deploy.0 = Release|x86
		{EA79869F-6B69-4B35-A1F0-270BB31013E5}.Debug|Any CPU.ActiveCfg = Debug|Any CPU
		{EA79869F-6B69-4B35-A1F0-270BB31013E5}.Debug|Any CPU.Build.0 = Debug|Any CPU
		{EA79869F-6B69-4B35-A1F0-270BB31013E5}.Debug|ARM.ActiveCfg = Debug|Any CPU
		{EA79869F-6B69-4B35-A1F0-270BB31013E5}.Debug|Mixed Platforms.ActiveCfg = Debug|Any CPU
		{EA79869F-6B69-4B35-A1F0-270BB31013E5}.Debug|Mixed Platforms.Build.0 = Debug|Any CPU
		{EA79869F-6B69-4B35-A1F0-270BB31013E5}.Debug|x64.ActiveCfg = Debug|Any CPU
		{EA79869F-6B69-4B35-A1F0-270BB31013E5}.Debug|x86.ActiveCfg = Debug|Any CPU
		{EA79869F-6B69-4B35-A1F0-270BB31013E5}.Release|Any CPU.ActiveCfg = Release|Any CPU
		{EA79869F-6B69-4B35-A1F0-270BB31013E5}.Release|Any CPU.Build.0 = Release|Any CPU
		{EA79869F-6B69-4B35-A1F0-270BB31013E5}.Release|ARM.ActiveCfg = Release|Any CPU
		{EA79869F-6B69-4B35-A1F0-270BB31013E5}.Release|Mixed Platforms.ActiveCfg = Release|Any CPU
		{EA79869F-6B69-4B35-A1F0-270BB31013E5}.Release|Mixed Platforms.Build.0 = Release|Any CPU
		{EA79869F-6B69-4B35-A1F0-270BB31013E5}.Release|x64.ActiveCfg = Release|Any CPU
		{EA79869F-6B69-4B35-A1F0-270BB31013E5}.Release|x86.ActiveCfg = Release|Any CPU
	EndGlobalSection
	GlobalSection(SolutionProperties) = preSolution
		HideSolutionNode = FALSE
	EndGlobalSection
	GlobalSection(NestedProjects) = preSolution
		{7D4E4419-4B4D-42C6-AD7A-9DEAAD90B3EF} = {FE43777F-253C-4927-97CC-43ECDFA2D440}
		{165D7BF6-152C-427F-97AE-F09A69F646AB} = {FE43777F-253C-4927-97CC-43ECDFA2D440}
		{0D8F527D-868F-4DE3-8559-EA3597D9D079} = {FE43777F-253C-4927-97CC-43ECDFA2D440}
		{AFE49CB8-BFF4-45D9-808B-E08FD412D8D7} = {E4FCC2B9-B4C4-4490-A8D1-1FBF58C46ADF}
		{965160CF-072F-4F1D-B0F5-68A8E603B4F2} = {E4FCC2B9-B4C4-4490-A8D1-1FBF58C46ADF}
		{1A7DAA49-EA7E-4F25-8E4D-40DC11376B74} = {FE43777F-253C-4927-97CC-43ECDFA2D440}
		{F01F49C0-5DA2-4757-B4E0-02EC7A187DED} = {FE43777F-253C-4927-97CC-43ECDFA2D440}
		{CD86B554-6261-4207-96F6-7795D1B81E05} = {FE43777F-253C-4927-97CC-43ECDFA2D440}
		{C5FF4B9F-18CB-4A29-91AC-C0EAFDA2EC8E} = {FE43777F-253C-4927-97CC-43ECDFA2D440}
		{85D42DE9-8D73-4876-9940-CDAE4E9EA4CC} = {FE43777F-253C-4927-97CC-43ECDFA2D440}
		{9E285F9C-3BE5-454E-AD2B-1BBBD833F91B} = {E4FCC2B9-B4C4-4490-A8D1-1FBF58C46ADF}
		{0137729E-D2E5-41DD-851C-E878D24083C0} = {E4FCC2B9-B4C4-4490-A8D1-1FBF58C46ADF}
		{D219F086-226D-4526-A06E-B2655CAE19B9} = {E4FCC2B9-B4C4-4490-A8D1-1FBF58C46ADF}
		{A1BE9F3D-65B8-4CD8-A3A9-724D9B243E47} = {66E02D31-BCF3-4C82-AACF-28131C0B68E6}
		{7F59F752-ACD0-45AB-ABA6-862B5D68744F} = {66E02D31-BCF3-4C82-AACF-28131C0B68E6}
		{EA79869F-6B69-4B35-A1F0-270BB31013E5} = {66E02D31-BCF3-4C82-AACF-28131C0B68E6}
	EndGlobalSection
EndGlobal
