
Microsoft Visual Studio Solution File, Format Version 11.00
# Visual Studio 2010
Project("{FAE04EC0-301F-11D3-BF4B-00C04F79EFBC}") = "MyToolkit.WPF", "MyToolkit.WPF.csproj", "{7D4E4419-4B4D-42C6-AD7A-9DEAAD90B3EF}"
EndProject
Global
	GlobalSection(SolutionConfigurationPlatforms) = preSolution
		Debug|Any CPU = Debug|Any CPU
		Release|Any CPU = Release|Any CPU
	EndGlobalSection
	GlobalSection(ProjectConfigurationPlatforms) = postSolution
		{7D4E4419-4B4D-42C6-AD7A-9DEAAD90B3EF}.Debug|Any CPU.ActiveCfg = Debug|Any CPU
		{7D4E4419-4B4D-42C6-AD7A-9DEAAD90B3EF}.Debug|Any CPU.Build.0 = Debug|Any CPU
		{7D4E4419-4B4D-42C6-AD7A-9DEAAD90B3EF}.Release|Any CPU.ActiveCfg = Release|Any CPU
		{7D4E4419-4B4D-42C6-AD7A-9DEAAD90B3EF}.Release|Any CPU.Build.0 = Release|Any CPU
	EndGlobalSection
	GlobalSection(SolutionProperties) = preSolution
		HideSolutionNode = FALSE
	EndGlobalSection
EndGlobal
