
Microsoft Visual Studio Solution File, Format Version 12.00
# Visual Studio 14
VisualStudioVersion = 14.0.25420.1
MinimumVisualStudioVersion = 10.0.40219.1
Project("{FAE04EC0-301F-11D3-BF4B-00C04F79EFBC}") = "MyToolkit", "MyToolkit\MyToolkit.csproj", "{F01F49C0-5DA2-4757-B4E0-02EC7A187DED}"
EndProject
Project("{FAE04EC0-301F-11D3-BF4B-00C04F79EFBC}") = "MyToolkit.Extended.Wp8", "MyToolkit.Extended.Wp8\MyToolkit.Extended.Wp8.csproj", "{165D7BF6-152C-427F-97AE-F09A69F646AB}"
EndProject
Project("{FAE04EC0-301F-11D3-BF4B-00C04F79EFBC}") = "SampleUwpApp", "SampleUwpApp\SampleUwpApp.csproj", "{C670BDBE-2E5B-4390-935A-84D85AFAFA5A}"
EndProject
Project("{D954291E-2A0B-460D-934E-DC6B0785DB48}") = "MyToolkit.Extended", "MyToolkit.Extended\MyToolkit.Extended.shproj", "{625D4222-CE80-4703-AB84-D6B876ECAB16}"
EndProject
Project("{FAE04EC0-301F-11D3-BF4B-00C04F79EFBC}") = "MyToolkit.MachineLearning.WinRT", "MyToolkit.MachineLearning.WinRT\MyToolkit.MachineLearning.WinRT.csproj", "{85D42DE9-8D73-4876-9940-CDAE4E9EA4CC}"
EndProject
Project("{FAE04EC0-301F-11D3-BF4B-00C04F79EFBC}") = "MyToolkit.Extended.WinRT", "MyToolkit.Extended.WinRT\MyToolkit.Extended.WinRT.csproj", "{C5FF4B9F-18CB-4A29-91AC-C0EAFDA2EC8E}"
EndProject
Project("{FAE04EC0-301F-11D3-BF4B-00C04F79EFBC}") = "MyToolkit.Extended.Uwp", "MyToolkit.Extended.Uwp\MyToolkit.Extended.Uwp.csproj", "{28CDF611-02D2-474C-AC37-616024CAF0C1}"
EndProject
Project("{FAE04EC0-301F-11D3-BF4B-00C04F79EFBC}") = "MyToolkit.Extended.Wpf45", "MyToolkit.Extended.Wpf\MyToolkit.Extended.Wpf45.csproj", "{0D8F527D-868F-4DE3-8559-EA3597D9D079}"
EndProject
Project("{FAE04EC0-301F-11D3-BF4B-00C04F79EFBC}") = "MyToolkit.Extended.Wpf40", "MyToolkit.Extended.Wpf\MyToolkit.Extended.Wpf40.csproj", "{CD86B554-6261-4207-96F6-7795D1B81E05}"
EndProject
Project("{FAE04EC0-301F-11D3-BF4B-00C04F79EFBC}") = "MyToolkit.AspNet.Mvc", "MyToolkit.AspNet.Mvc\MyToolkit.AspNet.Mvc.csproj", "{9FCFE823-C423-46CE-9BCE-85E2B86C3CD9}"
EndProject
Project("{FAE04EC0-301F-11D3-BF4B-00C04F79EFBC}") = "MyToolkit.Web", "MyToolkit.Web\MyToolkit.Web.csproj", "{7D4E4419-4B4D-42C6-AD7A-9DEAAD90B3EF}"
EndProject
Project("{FAE04EC0-301F-11D3-BF4B-00C04F79EFBC}") = "MyToolkit.Http", "MyToolkit.Http\MyToolkit.Http.csproj", "{1A7DAA49-EA7E-4F25-8E4D-40DC11376B74}"
EndProject
Project("{2150E333-8FDC-42A3-9474-1A3956D46DE8}") = "Tests", "Tests", "{47E818B7-98F9-4100-94D2-0635ACAACEC5}"
EndProject
Project("{FAE04EC0-301F-11D3-BF4B-00C04F79EFBC}") = "MyToolkit.Tests.WinRT", "MyToolkit.Tests.WinRT\MyToolkit.Tests.WinRT.csproj", "{A1BE9F3D-65B8-4CD8-A3A9-724D9B243E47}"
EndProject
Project("{FAE04EC0-301F-11D3-BF4B-00C04F79EFBC}") = "MyToolkit.Tests.Wp8", "MyToolkit.Tests.Wp8\MyToolkit.Tests.Wp8.csproj", "{7F59F752-ACD0-45AB-ABA6-862B5D68744F}"
EndProject
Project("{FAE04EC0-301F-11D3-BF4B-00C04F79EFBC}") = "MyToolkit.Tests.Wpf45", "MyToolkit.Tests.Wpf45\MyToolkit.Tests.Wpf45.csproj", "{EA79869F-6B69-4B35-A1F0-270BB31013E5}"
EndProject
Project("{2150E333-8FDC-42A3-9474-1A3956D46DE8}") = "Samples", "Samples", "{1E1EE294-1FCB-427A-9400-F40DFEB6399D}"
EndProject
Project("{FAE04EC0-301F-11D3-BF4B-00C04F79EFBC}") = "SamplePhoneApp", "SamplePhoneApp\SamplePhoneApp.csproj", "{AFE49CB8-BFF4-45D9-808B-E08FD412D8D7}"
EndProject
Project("{FAE04EC0-301F-11D3-BF4B-00C04F79EFBC}") = "SampleUniversalPhoneApp", "SampleUniversalPhoneApp\SampleUniversalPhoneApp.csproj", "{9E285F9C-3BE5-454E-AD2B-1BBBD833F91B}"
EndProject
Project("{FAE04EC0-301F-11D3-BF4B-00C04F79EFBC}") = "SampleWindowsStoreApp", "SampleWindowsStoreApp\SampleWindowsStoreApp.csproj", "{965160CF-072F-4F1D-B0F5-68A8E603B4F2}"
EndProject
Project("{FAE04EC0-301F-11D3-BF4B-00C04F79EFBC}") = "SampleWpfApplication", "SampleWpfApplication\SampleWpfApplication.csproj", "{0137729E-D2E5-41DD-851C-E878D24083C0}"
EndProject
Project("{FAE04EC0-301F-11D3-BF4B-00C04F79EFBC}") = "SampleWindowsStoreApp.BackgroundTask", "SampleWindowsStoreApp.BackgroundTask\SampleWindowsStoreApp.BackgroundTask.csproj", "{D219F086-226D-4526-A06E-B2655CAE19B9}"
EndProject
Project("{2150E333-8FDC-42A3-9474-1A3956D46DE8}") = "NuSpecs", "NuSpecs", "{DB6096DD-F086-4817-AD0B-C2096C3AAEF6}"
	ProjectSection(SolutionItems) = preProject
		..\build\MyToolkit.AspNet.Mvc.nuspec = ..\build\MyToolkit.AspNet.Mvc.nuspec
		..\build\MyToolkit.Build.nuspec = ..\build\MyToolkit.Build.nuspec
		..\build\MyToolkit.Extended.nuspec = ..\build\MyToolkit.Extended.nuspec
		..\build\MyToolkit.Http.nuspec = ..\build\MyToolkit.Http.nuspec
		..\build\MyToolkit.nuspec = ..\build\MyToolkit.nuspec
		..\build\MyToolkit.Web.nuspec = ..\build\MyToolkit.Web.nuspec
	EndProjectSection
EndProject
Global
	GlobalSection(SharedMSBuildProjectFiles) = preSolution
		MyToolkit.Extended\MyToolkit.Extended.projitems*{0d8f527d-868f-4de3-8559-ea3597d9d079}*SharedItemsImports = 4
		MyToolkit.Extended\MyToolkit.Extended.projitems*{165d7bf6-152c-427f-97ae-f09a69f646ab}*SharedItemsImports = 4
		MyToolkit.Extended\MyToolkit.Extended.projitems*{28cdf611-02d2-474c-ac37-616024caf0c1}*SharedItemsImports = 4
		MyToolkit.Extended\MyToolkit.Extended.projitems*{625d4222-ce80-4703-ab84-d6b876ecab16}*SharedItemsImports = 13
		MyToolkit.Extended\MyToolkit.Extended.projitems*{c5ff4b9f-18cb-4a29-91ac-c0eafda2ec8e}*SharedItemsImports = 4
	EndGlobalSection
	GlobalSection(SolutionConfigurationPlatforms) = preSolution
		Debug|Any CPU = Debug|Any CPU
		Debug|ARM = Debug|ARM
		Debug|x64 = Debug|x64
		Debug|x86 = Debug|x86
		Release|Any CPU = Release|Any CPU
		Release|ARM = Release|ARM
		Release|x64 = Release|x64
		Release|x86 = Release|x86
	EndGlobalSection
	GlobalSection(ProjectConfigurationPlatforms) = postSolution
		{F01F49C0-5DA2-4757-B4E0-02EC7A187DED}.Debug|Any CPU.ActiveCfg = Debug|Any CPU
		{F01F49C0-5DA2-4757-B4E0-02EC7A187DED}.Debug|Any CPU.Build.0 = Debug|Any CPU
		{F01F49C0-5DA2-4757-B4E0-02EC7A187DED}.Debug|ARM.ActiveCfg = Debug|Any CPU
		{F01F49C0-5DA2-4757-B4E0-02EC7A187DED}.Debug|ARM.Build.0 = Debug|Any CPU
		{F01F49C0-5DA2-4757-B4E0-02EC7A187DED}.Debug|x64.ActiveCfg = Debug|Any CPU
		{F01F49C0-5DA2-4757-B4E0-02EC7A187DED}.Debug|x64.Build.0 = Debug|Any CPU
		{F01F49C0-5DA2-4757-B4E0-02EC7A187DED}.Debug|x86.ActiveCfg = Debug|Any CPU
		{F01F49C0-5DA2-4757-B4E0-02EC7A187DED}.Debug|x86.Build.0 = Debug|Any CPU
		{F01F49C0-5DA2-4757-B4E0-02EC7A187DED}.Debug|x86.Deploy.0 = Debug|Any CPU
		{F01F49C0-5DA2-4757-B4E0-02EC7A187DED}.Release|Any CPU.ActiveCfg = Release|Any CPU
		{F01F49C0-5DA2-4757-B4E0-02EC7A187DED}.Release|Any CPU.Build.0 = Release|Any CPU
		{F01F49C0-5DA2-4757-B4E0-02EC7A187DED}.Release|ARM.ActiveCfg = Release|Any CPU
		{F01F49C0-5DA2-4757-B4E0-02EC7A187DED}.Release|ARM.Build.0 = Release|Any CPU
		{F01F49C0-5DA2-4757-B4E0-02EC7A187DED}.Release|x64.ActiveCfg = Release|Any CPU
		{F01F49C0-5DA2-4757-B4E0-02EC7A187DED}.Release|x64.Build.0 = Release|Any CPU
		{F01F49C0-5DA2-4757-B4E0-02EC7A187DED}.Release|x86.ActiveCfg = Release|Any CPU
		{F01F49C0-5DA2-4757-B4E0-02EC7A187DED}.Release|x86.Build.0 = Release|Any CPU
		{165D7BF6-152C-427F-97AE-F09A69F646AB}.Debug|Any CPU.ActiveCfg = Debug|Any CPU
		{165D7BF6-152C-427F-97AE-F09A69F646AB}.Debug|Any CPU.Build.0 = Debug|Any CPU
		{165D7BF6-152C-427F-97AE-F09A69F646AB}.Debug|ARM.ActiveCfg = Debug|ARM
		{165D7BF6-152C-427F-97AE-F09A69F646AB}.Debug|ARM.Build.0 = Debug|ARM
		{165D7BF6-152C-427F-97AE-F09A69F646AB}.Debug|x64.ActiveCfg = Debug|Any CPU
		{165D7BF6-152C-427F-97AE-F09A69F646AB}.Debug|x64.Build.0 = Debug|Any CPU
		{165D7BF6-152C-427F-97AE-F09A69F646AB}.Debug|x86.ActiveCfg = Debug|x86
		{165D7BF6-152C-427F-97AE-F09A69F646AB}.Debug|x86.Build.0 = Debug|x86
		{165D7BF6-152C-427F-97AE-F09A69F646AB}.Release|Any CPU.ActiveCfg = Release|Any CPU
		{165D7BF6-152C-427F-97AE-F09A69F646AB}.Release|Any CPU.Build.0 = Release|Any CPU
		{165D7BF6-152C-427F-97AE-F09A69F646AB}.Release|ARM.ActiveCfg = Release|ARM
		{165D7BF6-152C-427F-97AE-F09A69F646AB}.Release|ARM.Build.0 = Release|ARM
		{165D7BF6-152C-427F-97AE-F09A69F646AB}.Release|x64.ActiveCfg = Release|Any CPU
		{165D7BF6-152C-427F-97AE-F09A69F646AB}.Release|x64.Build.0 = Release|Any CPU
		{165D7BF6-152C-427F-97AE-F09A69F646AB}.Release|x86.ActiveCfg = Release|x86
		{165D7BF6-152C-427F-97AE-F09A69F646AB}.Release|x86.Build.0 = Release|x86
		{C670BDBE-2E5B-4390-935A-84D85AFAFA5A}.Debug|Any CPU.ActiveCfg = Debug|x86
		{C670BDBE-2E5B-4390-935A-84D85AFAFA5A}.Debug|Any CPU.Build.0 = Debug|x86
		{C670BDBE-2E5B-4390-935A-84D85AFAFA5A}.Debug|Any CPU.Deploy.0 = Debug|x86
		{C670BDBE-2E5B-4390-935A-84D85AFAFA5A}.Debug|ARM.ActiveCfg = Debug|ARM
		{C670BDBE-2E5B-4390-935A-84D85AFAFA5A}.Debug|ARM.Build.0 = Debug|ARM
		{C670BDBE-2E5B-4390-935A-84D85AFAFA5A}.Debug|ARM.Deploy.0 = Debug|ARM
		{C670BDBE-2E5B-4390-935A-84D85AFAFA5A}.Debug|x64.ActiveCfg = Debug|x64
		{C670BDBE-2E5B-4390-935A-84D85AFAFA5A}.Debug|x64.Build.0 = Debug|x64
		{C670BDBE-2E5B-4390-935A-84D85AFAFA5A}.Debug|x64.Deploy.0 = Debug|x64
		{C670BDBE-2E5B-4390-935A-84D85AFAFA5A}.Debug|x86.ActiveCfg = Debug|x86
		{C670BDBE-2E5B-4390-935A-84D85AFAFA5A}.Debug|x86.Build.0 = Debug|x86
		{C670BDBE-2E5B-4390-935A-84D85AFAFA5A}.Debug|x86.Deploy.0 = Debug|x86
		{C670BDBE-2E5B-4390-935A-84D85AFAFA5A}.Release|Any CPU.ActiveCfg = Release|x86
		{C670BDBE-2E5B-4390-935A-84D85AFAFA5A}.Release|Any CPU.Build.0 = Release|x86
		{C670BDBE-2E5B-4390-935A-84D85AFAFA5A}.Release|Any CPU.Deploy.0 = Release|x86
		{C670BDBE-2E5B-4390-935A-84D85AFAFA5A}.Release|ARM.ActiveCfg = Release|ARM
		{C670BDBE-2E5B-4390-935A-84D85AFAFA5A}.Release|ARM.Build.0 = Release|ARM
		{C670BDBE-2E5B-4390-935A-84D85AFAFA5A}.Release|ARM.Deploy.0 = Release|ARM
		{C670BDBE-2E5B-4390-935A-84D85AFAFA5A}.Release|x64.ActiveCfg = Release|x64
		{C670BDBE-2E5B-4390-935A-84D85AFAFA5A}.Release|x64.Build.0 = Release|x64
		{C670BDBE-2E5B-4390-935A-84D85AFAFA5A}.Release|x64.Deploy.0 = Release|x64
		{C670BDBE-2E5B-4390-935A-84D85AFAFA5A}.Release|x86.ActiveCfg = Release|x86
		{C670BDBE-2E5B-4390-935A-84D85AFAFA5A}.Release|x86.Build.0 = Release|x86
		{C670BDBE-2E5B-4390-935A-84D85AFAFA5A}.Release|x86.Deploy.0 = Release|x86
		{85D42DE9-8D73-4876-9940-CDAE4E9EA4CC}.Debug|Any CPU.ActiveCfg = Debug|Any CPU
		{85D42DE9-8D73-4876-9940-CDAE4E9EA4CC}.Debug|Any CPU.Build.0 = Debug|Any CPU
		{85D42DE9-8D73-4876-9940-CDAE4E9EA4CC}.Debug|ARM.ActiveCfg = Debug|Any CPU
		{85D42DE9-8D73-4876-9940-CDAE4E9EA4CC}.Debug|ARM.Build.0 = Debug|Any CPU
		{85D42DE9-8D73-4876-9940-CDAE4E9EA4CC}.Debug|x64.ActiveCfg = Debug|Any CPU
		{85D42DE9-8D73-4876-9940-CDAE4E9EA4CC}.Debug|x64.Build.0 = Debug|Any CPU
		{85D42DE9-8D73-4876-9940-CDAE4E9EA4CC}.Debug|x86.ActiveCfg = Debug|Any CPU
		{85D42DE9-8D73-4876-9940-CDAE4E9EA4CC}.Debug|x86.Build.0 = Debug|Any CPU
		{85D42DE9-8D73-4876-9940-CDAE4E9EA4CC}.Release|Any CPU.ActiveCfg = Release|Any CPU
		{85D42DE9-8D73-4876-9940-CDAE4E9EA4CC}.Release|Any CPU.Build.0 = Release|Any CPU
		{85D42DE9-8D73-4876-9940-CDAE4E9EA4CC}.Release|ARM.ActiveCfg = Release|Any CPU
		{85D42DE9-8D73-4876-9940-CDAE4E9EA4CC}.Release|ARM.Build.0 = Release|Any CPU
		{85D42DE9-8D73-4876-9940-CDAE4E9EA4CC}.Release|x64.ActiveCfg = Release|Any CPU
		{85D42DE9-8D73-4876-9940-CDAE4E9EA4CC}.Release|x64.Build.0 = Release|Any CPU
		{85D42DE9-8D73-4876-9940-CDAE4E9EA4CC}.Release|x86.ActiveCfg = Release|Any CPU
		{85D42DE9-8D73-4876-9940-CDAE4E9EA4CC}.Release|x86.Build.0 = Release|Any CPU
		{C5FF4B9F-18CB-4A29-91AC-C0EAFDA2EC8E}.Debug|Any CPU.ActiveCfg = Debug|Any CPU
		{C5FF4B9F-18CB-4A29-91AC-C0EAFDA2EC8E}.Debug|Any CPU.Build.0 = Debug|Any CPU
		{C5FF4B9F-18CB-4A29-91AC-C0EAFDA2EC8E}.Debug|ARM.ActiveCfg = Debug|Any CPU
		{C5FF4B9F-18CB-4A29-91AC-C0EAFDA2EC8E}.Debug|ARM.Build.0 = Debug|Any CPU
		{C5FF4B9F-18CB-4A29-91AC-C0EAFDA2EC8E}.Debug|x64.ActiveCfg = Debug|Any CPU
		{C5FF4B9F-18CB-4A29-91AC-C0EAFDA2EC8E}.Debug|x64.Build.0 = Debug|Any CPU
		{C5FF4B9F-18CB-4A29-91AC-C0EAFDA2EC8E}.Debug|x86.ActiveCfg = Debug|Any CPU
		{C5FF4B9F-18CB-4A29-91AC-C0EAFDA2EC8E}.Debug|x86.Build.0 = Debug|Any CPU
		{C5FF4B9F-18CB-4A29-91AC-C0EAFDA2EC8E}.Release|Any CPU.ActiveCfg = Release|Any CPU
		{C5FF4B9F-18CB-4A29-91AC-C0EAFDA2EC8E}.Release|Any CPU.Build.0 = Release|Any CPU
		{C5FF4B9F-18CB-4A29-91AC-C0EAFDA2EC8E}.Release|ARM.ActiveCfg = Release|Any CPU
		{C5FF4B9F-18CB-4A29-91AC-C0EAFDA2EC8E}.Release|ARM.Build.0 = Release|Any CPU
		{C5FF4B9F-18CB-4A29-91AC-C0EAFDA2EC8E}.Release|x64.ActiveCfg = Release|Any CPU
		{C5FF4B9F-18CB-4A29-91AC-C0EAFDA2EC8E}.Release|x64.Build.0 = Release|Any CPU
		{C5FF4B9F-18CB-4A29-91AC-C0EAFDA2EC8E}.Release|x86.ActiveCfg = Release|Any CPU
		{C5FF4B9F-18CB-4A29-91AC-C0EAFDA2EC8E}.Release|x86.Build.0 = Release|Any CPU
		{28CDF611-02D2-474C-AC37-616024CAF0C1}.Debug|Any CPU.ActiveCfg = Debug|Any CPU
		{28CDF611-02D2-474C-AC37-616024CAF0C1}.Debug|Any CPU.Build.0 = Debug|Any CPU
		{28CDF611-02D2-474C-AC37-616024CAF0C1}.Debug|ARM.ActiveCfg = Debug|ARM
		{28CDF611-02D2-474C-AC37-616024CAF0C1}.Debug|ARM.Build.0 = Debug|ARM
		{28CDF611-02D2-474C-AC37-616024CAF0C1}.Debug|x64.ActiveCfg = Debug|x64
		{28CDF611-02D2-474C-AC37-616024CAF0C1}.Debug|x64.Build.0 = Debug|x64
		{28CDF611-02D2-474C-AC37-616024CAF0C1}.Debug|x86.ActiveCfg = Debug|x86
		{28CDF611-02D2-474C-AC37-616024CAF0C1}.Debug|x86.Build.0 = Debug|x86
		{28CDF611-02D2-474C-AC37-616024CAF0C1}.Release|Any CPU.ActiveCfg = Release|Any CPU
		{28CDF611-02D2-474C-AC37-616024CAF0C1}.Release|Any CPU.Build.0 = Release|Any CPU
		{28CDF611-02D2-474C-AC37-616024CAF0C1}.Release|ARM.ActiveCfg = Release|ARM
		{28CDF611-02D2-474C-AC37-616024CAF0C1}.Release|ARM.Build.0 = Release|ARM
		{28CDF611-02D2-474C-AC37-616024CAF0C1}.Release|x64.ActiveCfg = Release|x64
		{28CDF611-02D2-474C-AC37-616024CAF0C1}.Release|x64.Build.0 = Release|x64
		{28CDF611-02D2-474C-AC37-616024CAF0C1}.Release|x86.ActiveCfg = Release|x86
		{28CDF611-02D2-474C-AC37-616024CAF0C1}.Release|x86.Build.0 = Release|x86
		{0D8F527D-868F-4DE3-8559-EA3597D9D079}.Debug|Any CPU.ActiveCfg = Debug|Any CPU
		{0D8F527D-868F-4DE3-8559-EA3597D9D079}.Debug|Any CPU.Build.0 = Debug|Any CPU
		{0D8F527D-868F-4DE3-8559-EA3597D9D079}.Debug|ARM.ActiveCfg = Debug|Any CPU
		{0D8F527D-868F-4DE3-8559-EA3597D9D079}.Debug|ARM.Build.0 = Debug|Any CPU
		{0D8F527D-868F-4DE3-8559-EA3597D9D079}.Debug|x64.ActiveCfg = Debug|Any CPU
		{0D8F527D-868F-4DE3-8559-EA3597D9D079}.Debug|x64.Build.0 = Debug|Any CPU
		{0D8F527D-868F-4DE3-8559-EA3597D9D079}.Debug|x86.ActiveCfg = Debug|Any CPU
		{0D8F527D-868F-4DE3-8559-EA3597D9D079}.Debug|x86.Build.0 = Debug|Any CPU
		{0D8F527D-868F-4DE3-8559-EA3597D9D079}.Release|Any CPU.ActiveCfg = Release|Any CPU
		{0D8F527D-868F-4DE3-8559-EA3597D9D079}.Release|Any CPU.Build.0 = Release|Any CPU
		{0D8F527D-868F-4DE3-8559-EA3597D9D079}.Release|ARM.ActiveCfg = Release|Any CPU
		{0D8F527D-868F-4DE3-8559-EA3597D9D079}.Release|ARM.Build.0 = Release|Any CPU
		{0D8F527D-868F-4DE3-8559-EA3597D9D079}.Release|x64.ActiveCfg = Release|Any CPU
		{0D8F527D-868F-4DE3-8559-EA3597D9D079}.Release|x64.Build.0 = Release|Any CPU
		{0D8F527D-868F-4DE3-8559-EA3597D9D079}.Release|x86.ActiveCfg = Release|Any CPU
		{0D8F527D-868F-4DE3-8559-EA3597D9D079}.Release|x86.Build.0 = Release|Any CPU
		{CD86B554-6261-4207-96F6-7795D1B81E05}.Debug|Any CPU.ActiveCfg = Debug|Any CPU
		{CD86B554-6261-4207-96F6-7795D1B81E05}.Debug|Any CPU.Build.0 = Debug|Any CPU
		{CD86B554-6261-4207-96F6-7795D1B81E05}.Debug|ARM.ActiveCfg = Debug|Any CPU
		{CD86B554-6261-4207-96F6-7795D1B81E05}.Debug|ARM.Build.0 = Debug|Any CPU
		{CD86B554-6261-4207-96F6-7795D1B81E05}.Debug|x64.ActiveCfg = Debug|Any CPU
		{CD86B554-6261-4207-96F6-7795D1B81E05}.Debug|x64.Build.0 = Debug|Any CPU
		{CD86B554-6261-4207-96F6-7795D1B81E05}.Debug|x86.ActiveCfg = Debug|Any CPU
		{CD86B554-6261-4207-96F6-7795D1B81E05}.Debug|x86.Build.0 = Debug|Any CPU
		{CD86B554-6261-4207-96F6-7795D1B81E05}.Release|Any CPU.ActiveCfg = Release|Any CPU
		{CD86B554-6261-4207-96F6-7795D1B81E05}.Release|Any CPU.Build.0 = Release|Any CPU
		{CD86B554-6261-4207-96F6-7795D1B81E05}.Release|ARM.ActiveCfg = Release|Any CPU
		{CD86B554-6261-4207-96F6-7795D1B81E05}.Release|ARM.Build.0 = Release|Any CPU
		{CD86B554-6261-4207-96F6-7795D1B81E05}.Release|x64.ActiveCfg = Release|Any CPU
		{CD86B554-6261-4207-96F6-7795D1B81E05}.Release|x64.Build.0 = Release|Any CPU
		{CD86B554-6261-4207-96F6-7795D1B81E05}.Release|x86.ActiveCfg = Release|Any CPU
		{CD86B554-6261-4207-96F6-7795D1B81E05}.Release|x86.Build.0 = Release|Any CPU
		{9FCFE823-C423-46CE-9BCE-85E2B86C3CD9}.Debug|Any CPU.ActiveCfg = Debug|Any CPU
		{9FCFE823-C423-46CE-9BCE-85E2B86C3CD9}.Debug|Any CPU.Build.0 = Debug|Any CPU
		{9FCFE823-C423-46CE-9BCE-85E2B86C3CD9}.Debug|ARM.ActiveCfg = Debug|Any CPU
		{9FCFE823-C423-46CE-9BCE-85E2B86C3CD9}.Debug|ARM.Build.0 = Debug|Any CPU
		{9FCFE823-C423-46CE-9BCE-85E2B86C3CD9}.Debug|x64.ActiveCfg = Debug|Any CPU
		{9FCFE823-C423-46CE-9BCE-85E2B86C3CD9}.Debug|x64.Build.0 = Debug|Any CPU
		{9FCFE823-C423-46CE-9BCE-85E2B86C3CD9}.Debug|x86.ActiveCfg = Debug|Any CPU
		{9FCFE823-C423-46CE-9BCE-85E2B86C3CD9}.Debug|x86.Build.0 = Debug|Any CPU
		{9FCFE823-C423-46CE-9BCE-85E2B86C3CD9}.Release|Any CPU.ActiveCfg = Release|Any CPU
		{9FCFE823-C423-46CE-9BCE-85E2B86C3CD9}.Release|Any CPU.Build.0 = Release|Any CPU
		{9FCFE823-C423-46CE-9BCE-85E2B86C3CD9}.Release|ARM.ActiveCfg = Release|Any CPU
		{9FCFE823-C423-46CE-9BCE-85E2B86C3CD9}.Release|ARM.Build.0 = Release|Any CPU
		{9FCFE823-C423-46CE-9BCE-85E2B86C3CD9}.Release|x64.ActiveCfg = Release|Any CPU
		{9FCFE823-C423-46CE-9BCE-85E2B86C3CD9}.Release|x64.Build.0 = Release|Any CPU
		{9FCFE823-C423-46CE-9BCE-85E2B86C3CD9}.Release|x86.ActiveCfg = Release|Any CPU
		{9FCFE823-C423-46CE-9BCE-85E2B86C3CD9}.Release|x86.Build.0 = Release|Any CPU
		{7D4E4419-4B4D-42C6-AD7A-9DEAAD90B3EF}.Debug|Any CPU.ActiveCfg = Debug|Any CPU
		{7D4E4419-4B4D-42C6-AD7A-9DEAAD90B3EF}.Debug|Any CPU.Build.0 = Debug|Any CPU
		{7D4E4419-4B4D-42C6-AD7A-9DEAAD90B3EF}.Debug|ARM.ActiveCfg = Debug|Any CPU
		{7D4E4419-4B4D-42C6-AD7A-9DEAAD90B3EF}.Debug|ARM.Build.0 = Debug|Any CPU
		{7D4E4419-4B4D-42C6-AD7A-9DEAAD90B3EF}.Debug|x64.ActiveCfg = Debug|Any CPU
		{7D4E4419-4B4D-42C6-AD7A-9DEAAD90B3EF}.Debug|x64.Build.0 = Debug|Any CPU
		{7D4E4419-4B4D-42C6-AD7A-9DEAAD90B3EF}.Debug|x86.ActiveCfg = Debug|Any CPU
		{7D4E4419-4B4D-42C6-AD7A-9DEAAD90B3EF}.Debug|x86.Build.0 = Debug|Any CPU
		{7D4E4419-4B4D-42C6-AD7A-9DEAAD90B3EF}.Release|Any CPU.ActiveCfg = Release|Any CPU
		{7D4E4419-4B4D-42C6-AD7A-9DEAAD90B3EF}.Release|Any CPU.Build.0 = Release|Any CPU
		{7D4E4419-4B4D-42C6-AD7A-9DEAAD90B3EF}.Release|ARM.ActiveCfg = Release|Any CPU
		{7D4E4419-4B4D-42C6-AD7A-9DEAAD90B3EF}.Release|ARM.Build.0 = Release|Any CPU
		{7D4E4419-4B4D-42C6-AD7A-9DEAAD90B3EF}.Release|x64.ActiveCfg = Release|Any CPU
		{7D4E4419-4B4D-42C6-AD7A-9DEAAD90B3EF}.Release|x64.Build.0 = Release|Any CPU
		{7D4E4419-4B4D-42C6-AD7A-9DEAAD90B3EF}.Release|x86.ActiveCfg = Release|Any CPU
		{7D4E4419-4B4D-42C6-AD7A-9DEAAD90B3EF}.Release|x86.Build.0 = Release|Any CPU
		{1A7DAA49-EA7E-4F25-8E4D-40DC11376B74}.Debug|Any CPU.ActiveCfg = Debug|Any CPU
		{1A7DAA49-EA7E-4F25-8E4D-40DC11376B74}.Debug|Any CPU.Build.0 = Debug|Any CPU
		{1A7DAA49-EA7E-4F25-8E4D-40DC11376B74}.Debug|ARM.ActiveCfg = Debug|Any CPU
		{1A7DAA49-EA7E-4F25-8E4D-40DC11376B74}.Debug|ARM.Build.0 = Debug|Any CPU
		{1A7DAA49-EA7E-4F25-8E4D-40DC11376B74}.Debug|x64.ActiveCfg = Debug|Any CPU
		{1A7DAA49-EA7E-4F25-8E4D-40DC11376B74}.Debug|x64.Build.0 = Debug|Any CPU
		{1A7DAA49-EA7E-4F25-8E4D-40DC11376B74}.Debug|x86.ActiveCfg = Debug|Any CPU
		{1A7DAA49-EA7E-4F25-8E4D-40DC11376B74}.Debug|x86.Build.0 = Debug|Any CPU
		{1A7DAA49-EA7E-4F25-8E4D-40DC11376B74}.Release|Any CPU.ActiveCfg = Release|Any CPU
		{1A7DAA49-EA7E-4F25-8E4D-40DC11376B74}.Release|Any CPU.Build.0 = Release|Any CPU
		{1A7DAA49-EA7E-4F25-8E4D-40DC11376B74}.Release|ARM.ActiveCfg = Release|Any CPU
		{1A7DAA49-EA7E-4F25-8E4D-40DC11376B74}.Release|ARM.Build.0 = Release|Any CPU
		{1A7DAA49-EA7E-4F25-8E4D-40DC11376B74}.Release|x64.ActiveCfg = Release|Any CPU
		{1A7DAA49-EA7E-4F25-8E4D-40DC11376B74}.Release|x64.Build.0 = Release|Any CPU
		{1A7DAA49-EA7E-4F25-8E4D-40DC11376B74}.Release|x86.ActiveCfg = Release|Any CPU
		{1A7DAA49-EA7E-4F25-8E4D-40DC11376B74}.Release|x86.Build.0 = Release|Any CPU
		{A1BE9F3D-65B8-4CD8-A3A9-724D9B243E47}.Debug|Any CPU.ActiveCfg = Debug|Any CPU
		{A1BE9F3D-65B8-4CD8-A3A9-724D9B243E47}.Debug|Any CPU.Build.0 = Debug|Any CPU
		{A1BE9F3D-65B8-4CD8-A3A9-724D9B243E47}.Debug|Any CPU.Deploy.0 = Debug|Any CPU
		{A1BE9F3D-65B8-4CD8-A3A9-724D9B243E47}.Debug|ARM.ActiveCfg = Debug|ARM
		{A1BE9F3D-65B8-4CD8-A3A9-724D9B243E47}.Debug|ARM.Build.0 = Debug|ARM
		{A1BE9F3D-65B8-4CD8-A3A9-724D9B243E47}.Debug|ARM.Deploy.0 = Debug|ARM
		{A1BE9F3D-65B8-4CD8-A3A9-724D9B243E47}.Debug|x64.ActiveCfg = Debug|x64
		{A1BE9F3D-65B8-4CD8-A3A9-724D9B243E47}.Debug|x64.Build.0 = Debug|x64
		{A1BE9F3D-65B8-4CD8-A3A9-724D9B243E47}.Debug|x64.Deploy.0 = Debug|x64
		{A1BE9F3D-65B8-4CD8-A3A9-724D9B243E47}.Debug|x86.ActiveCfg = Debug|x86
		{A1BE9F3D-65B8-4CD8-A3A9-724D9B243E47}.Debug|x86.Build.0 = Debug|x86
		{A1BE9F3D-65B8-4CD8-A3A9-724D9B243E47}.Debug|x86.Deploy.0 = Debug|x86
		{A1BE9F3D-65B8-4CD8-A3A9-724D9B243E47}.Release|Any CPU.ActiveCfg = Release|Any CPU
		{A1BE9F3D-65B8-4CD8-A3A9-724D9B243E47}.Release|Any CPU.Build.0 = Release|Any CPU
		{A1BE9F3D-65B8-4CD8-A3A9-724D9B243E47}.Release|Any CPU.Deploy.0 = Release|Any CPU
		{A1BE9F3D-65B8-4CD8-A3A9-724D9B243E47}.Release|ARM.ActiveCfg = Release|ARM
		{A1BE9F3D-65B8-4CD8-A3A9-724D9B243E47}.Release|ARM.Build.0 = Release|ARM
		{A1BE9F3D-65B8-4CD8-A3A9-724D9B243E47}.Release|ARM.Deploy.0 = Release|ARM
		{A1BE9F3D-65B8-4CD8-A3A9-724D9B243E47}.Release|x64.ActiveCfg = Release|x64
		{A1BE9F3D-65B8-4CD8-A3A9-724D9B243E47}.Release|x64.Build.0 = Release|x64
		{A1BE9F3D-65B8-4CD8-A3A9-724D9B243E47}.Release|x64.Deploy.0 = Release|x64
		{A1BE9F3D-65B8-4CD8-A3A9-724D9B243E47}.Release|x86.ActiveCfg = Release|x86
		{A1BE9F3D-65B8-4CD8-A3A9-724D9B243E47}.Release|x86.Build.0 = Release|x86
		{A1BE9F3D-65B8-4CD8-A3A9-724D9B243E47}.Release|x86.Deploy.0 = Release|x86
		{7F59F752-ACD0-45AB-ABA6-862B5D68744F}.Debug|Any CPU.ActiveCfg = Debug|x86
		{7F59F752-ACD0-45AB-ABA6-862B5D68744F}.Debug|Any CPU.Build.0 = Debug|x86
		{7F59F752-ACD0-45AB-ABA6-862B5D68744F}.Debug|Any CPU.Deploy.0 = Debug|x86
		{7F59F752-ACD0-45AB-ABA6-862B5D68744F}.Debug|ARM.ActiveCfg = Debug|ARM
		{7F59F752-ACD0-45AB-ABA6-862B5D68744F}.Debug|ARM.Build.0 = Debug|ARM
		{7F59F752-ACD0-45AB-ABA6-862B5D68744F}.Debug|ARM.Deploy.0 = Debug|ARM
		{7F59F752-ACD0-45AB-ABA6-862B5D68744F}.Debug|x64.ActiveCfg = Debug|x86
		{7F59F752-ACD0-45AB-ABA6-862B5D68744F}.Debug|x86.ActiveCfg = Debug|x86
		{7F59F752-ACD0-45AB-ABA6-862B5D68744F}.Debug|x86.Build.0 = Debug|x86
		{7F59F752-ACD0-45AB-ABA6-862B5D68744F}.Debug|x86.Deploy.0 = Debug|x86
		{7F59F752-ACD0-45AB-ABA6-862B5D68744F}.Release|Any CPU.ActiveCfg = Release|x86
		{7F59F752-ACD0-45AB-ABA6-862B5D68744F}.Release|Any CPU.Build.0 = Release|x86
		{7F59F752-ACD0-45AB-ABA6-862B5D68744F}.Release|Any CPU.Deploy.0 = Release|x86
		{7F59F752-ACD0-45AB-ABA6-862B5D68744F}.Release|ARM.ActiveCfg = Release|ARM
		{7F59F752-ACD0-45AB-ABA6-862B5D68744F}.Release|ARM.Build.0 = Release|ARM
		{7F59F752-ACD0-45AB-ABA6-862B5D68744F}.Release|ARM.Deploy.0 = Release|ARM
		{7F59F752-ACD0-45AB-ABA6-862B5D68744F}.Release|x64.ActiveCfg = Release|x86
		{7F59F752-ACD0-45AB-ABA6-862B5D68744F}.Release|x86.ActiveCfg = Release|x86
		{7F59F752-ACD0-45AB-ABA6-862B5D68744F}.Release|x86.Build.0 = Release|x86
		{7F59F752-ACD0-45AB-ABA6-862B5D68744F}.Release|x86.Deploy.0 = Release|x86
		{EA79869F-6B69-4B35-A1F0-270BB31013E5}.Debug|Any CPU.ActiveCfg = Debug|Any CPU
		{EA79869F-6B69-4B35-A1F0-270BB31013E5}.Debug|Any CPU.Build.0 = Debug|Any CPU
		{EA79869F-6B69-4B35-A1F0-270BB31013E5}.Debug|ARM.ActiveCfg = Debug|Any CPU
		{EA79869F-6B69-4B35-A1F0-270BB31013E5}.Debug|ARM.Build.0 = Debug|Any CPU
		{EA79869F-6B69-4B35-A1F0-270BB31013E5}.Debug|x64.ActiveCfg = Debug|Any CPU
		{EA79869F-6B69-4B35-A1F0-270BB31013E5}.Debug|x64.Build.0 = Debug|Any CPU
		{EA79869F-6B69-4B35-A1F0-270BB31013E5}.Debug|x86.ActiveCfg = Debug|Any CPU
		{EA79869F-6B69-4B35-A1F0-270BB31013E5}.Debug|x86.Build.0 = Debug|Any CPU
		{EA79869F-6B69-4B35-A1F0-270BB31013E5}.Release|Any CPU.ActiveCfg = Release|Any CPU
		{EA79869F-6B69-4B35-A1F0-270BB31013E5}.Release|Any CPU.Build.0 = Release|Any CPU
		{EA79869F-6B69-4B35-A1F0-270BB31013E5}.Release|ARM.ActiveCfg = Release|Any CPU
		{EA79869F-6B69-4B35-A1F0-270BB31013E5}.Release|ARM.Build.0 = Release|Any CPU
		{EA79869F-6B69-4B35-A1F0-270BB31013E5}.Release|x64.ActiveCfg = Release|Any CPU
		{EA79869F-6B69-4B35-A1F0-270BB31013E5}.Release|x64.Build.0 = Release|Any CPU
		{EA79869F-6B69-4B35-A1F0-270BB31013E5}.Release|x86.ActiveCfg = Release|Any CPU
		{EA79869F-6B69-4B35-A1F0-270BB31013E5}.Release|x86.Build.0 = Release|Any CPU
		{AFE49CB8-BFF4-45D9-808B-E08FD412D8D7}.Debug|Any CPU.ActiveCfg = Debug|Any CPU
		{AFE49CB8-BFF4-45D9-808B-E08FD412D8D7}.Debug|Any CPU.Build.0 = Debug|Any CPU
		{AFE49CB8-BFF4-45D9-808B-E08FD412D8D7}.Debug|Any CPU.Deploy.0 = Debug|Any CPU
		{AFE49CB8-BFF4-45D9-808B-E08FD412D8D7}.Debug|ARM.ActiveCfg = Debug|ARM
		{AFE49CB8-BFF4-45D9-808B-E08FD412D8D7}.Debug|ARM.Build.0 = Debug|ARM
		{AFE49CB8-BFF4-45D9-808B-E08FD412D8D7}.Debug|ARM.Deploy.0 = Debug|ARM
		{AFE49CB8-BFF4-45D9-808B-E08FD412D8D7}.Debug|x64.ActiveCfg = Debug|Any CPU
		{AFE49CB8-BFF4-45D9-808B-E08FD412D8D7}.Debug|x64.Build.0 = Debug|Any CPU
		{AFE49CB8-BFF4-45D9-808B-E08FD412D8D7}.Debug|x64.Deploy.0 = Debug|Any CPU
		{AFE49CB8-BFF4-45D9-808B-E08FD412D8D7}.Debug|x86.ActiveCfg = Debug|x86
		{AFE49CB8-BFF4-45D9-808B-E08FD412D8D7}.Debug|x86.Build.0 = Debug|x86
		{AFE49CB8-BFF4-45D9-808B-E08FD412D8D7}.Debug|x86.Deploy.0 = Debug|x86
		{AFE49CB8-BFF4-45D9-808B-E08FD412D8D7}.Release|Any CPU.ActiveCfg = Release|Any CPU
		{AFE49CB8-BFF4-45D9-808B-E08FD412D8D7}.Release|Any CPU.Build.0 = Release|Any CPU
		{AFE49CB8-BFF4-45D9-808B-E08FD412D8D7}.Release|Any CPU.Deploy.0 = Release|Any CPU
		{AFE49CB8-BFF4-45D9-808B-E08FD412D8D7}.Release|ARM.ActiveCfg = Release|ARM
		{AFE49CB8-BFF4-45D9-808B-E08FD412D8D7}.Release|ARM.Build.0 = Release|ARM
		{AFE49CB8-BFF4-45D9-808B-E08FD412D8D7}.Release|ARM.Deploy.0 = Release|ARM
		{AFE49CB8-BFF4-45D9-808B-E08FD412D8D7}.Release|x64.ActiveCfg = Release|Any CPU
		{AFE49CB8-BFF4-45D9-808B-E08FD412D8D7}.Release|x64.Build.0 = Release|Any CPU
		{AFE49CB8-BFF4-45D9-808B-E08FD412D8D7}.Release|x64.Deploy.0 = Release|Any CPU
		{AFE49CB8-BFF4-45D9-808B-E08FD412D8D7}.Release|x86.ActiveCfg = Release|x86
		{AFE49CB8-BFF4-45D9-808B-E08FD412D8D7}.Release|x86.Build.0 = Release|x86
		{AFE49CB8-BFF4-45D9-808B-E08FD412D8D7}.Release|x86.Deploy.0 = Release|x86
		{9E285F9C-3BE5-454E-AD2B-1BBBD833F91B}.Debug|Any CPU.ActiveCfg = Debug|Any CPU
		{9E285F9C-3BE5-454E-AD2B-1BBBD833F91B}.Debug|Any CPU.Build.0 = Debug|Any CPU
		{9E285F9C-3BE5-454E-AD2B-1BBBD833F91B}.Debug|Any CPU.Deploy.0 = Debug|Any CPU
		{9E285F9C-3BE5-454E-AD2B-1BBBD833F91B}.Debug|ARM.ActiveCfg = Debug|ARM
		{9E285F9C-3BE5-454E-AD2B-1BBBD833F91B}.Debug|ARM.Build.0 = Debug|ARM
		{9E285F9C-3BE5-454E-AD2B-1BBBD833F91B}.Debug|ARM.Deploy.0 = Debug|ARM
		{9E285F9C-3BE5-454E-AD2B-1BBBD833F91B}.Debug|x64.ActiveCfg = Debug|Any CPU
		{9E285F9C-3BE5-454E-AD2B-1BBBD833F91B}.Debug|x64.Build.0 = Debug|Any CPU
		{9E285F9C-3BE5-454E-AD2B-1BBBD833F91B}.Debug|x64.Deploy.0 = Debug|Any CPU
		{9E285F9C-3BE5-454E-AD2B-1BBBD833F91B}.Debug|x86.ActiveCfg = Debug|x86
		{9E285F9C-3BE5-454E-AD2B-1BBBD833F91B}.Debug|x86.Build.0 = Debug|x86
		{9E285F9C-3BE5-454E-AD2B-1BBBD833F91B}.Debug|x86.Deploy.0 = Debug|x86
		{9E285F9C-3BE5-454E-AD2B-1BBBD833F91B}.Release|Any CPU.ActiveCfg = Release|Any CPU
		{9E285F9C-3BE5-454E-AD2B-1BBBD833F91B}.Release|Any CPU.Build.0 = Release|Any CPU
		{9E285F9C-3BE5-454E-AD2B-1BBBD833F91B}.Release|Any CPU.Deploy.0 = Release|Any CPU
		{9E285F9C-3BE5-454E-AD2B-1BBBD833F91B}.Release|ARM.ActiveCfg = Release|ARM
		{9E285F9C-3BE5-454E-AD2B-1BBBD833F91B}.Release|ARM.Build.0 = Release|ARM
		{9E285F9C-3BE5-454E-AD2B-1BBBD833F91B}.Release|ARM.Deploy.0 = Release|ARM
		{9E285F9C-3BE5-454E-AD2B-1BBBD833F91B}.Release|x64.ActiveCfg = Release|Any CPU
		{9E285F9C-3BE5-454E-AD2B-1BBBD833F91B}.Release|x64.Build.0 = Release|Any CPU
		{9E285F9C-3BE5-454E-AD2B-1BBBD833F91B}.Release|x64.Deploy.0 = Release|Any CPU
		{9E285F9C-3BE5-454E-AD2B-1BBBD833F91B}.Release|x86.ActiveCfg = Release|x86
		{9E285F9C-3BE5-454E-AD2B-1BBBD833F91B}.Release|x86.Build.0 = Release|x86
		{9E285F9C-3BE5-454E-AD2B-1BBBD833F91B}.Release|x86.Deploy.0 = Release|x86
		{965160CF-072F-4F1D-B0F5-68A8E603B4F2}.Debug|Any CPU.ActiveCfg = Debug|Any CPU
		{965160CF-072F-4F1D-B0F5-68A8E603B4F2}.Debug|Any CPU.Build.0 = Debug|Any CPU
		{965160CF-072F-4F1D-B0F5-68A8E603B4F2}.Debug|Any CPU.Deploy.0 = Debug|Any CPU
		{965160CF-072F-4F1D-B0F5-68A8E603B4F2}.Debug|ARM.ActiveCfg = Debug|ARM
		{965160CF-072F-4F1D-B0F5-68A8E603B4F2}.Debug|ARM.Build.0 = Debug|ARM
		{965160CF-072F-4F1D-B0F5-68A8E603B4F2}.Debug|ARM.Deploy.0 = Debug|ARM
		{965160CF-072F-4F1D-B0F5-68A8E603B4F2}.Debug|x64.ActiveCfg = Debug|x64
		{965160CF-072F-4F1D-B0F5-68A8E603B4F2}.Debug|x64.Build.0 = Debug|x64
		{965160CF-072F-4F1D-B0F5-68A8E603B4F2}.Debug|x64.Deploy.0 = Debug|x64
		{965160CF-072F-4F1D-B0F5-68A8E603B4F2}.Debug|x86.ActiveCfg = Debug|x86
		{965160CF-072F-4F1D-B0F5-68A8E603B4F2}.Debug|x86.Build.0 = Debug|x86
		{965160CF-072F-4F1D-B0F5-68A8E603B4F2}.Debug|x86.Deploy.0 = Debug|x86
		{965160CF-072F-4F1D-B0F5-68A8E603B4F2}.Release|Any CPU.ActiveCfg = Release|Any CPU
		{965160CF-072F-4F1D-B0F5-68A8E603B4F2}.Release|Any CPU.Build.0 = Release|Any CPU
		{965160CF-072F-4F1D-B0F5-68A8E603B4F2}.Release|Any CPU.Deploy.0 = Release|Any CPU
		{965160CF-072F-4F1D-B0F5-68A8E603B4F2}.Release|ARM.ActiveCfg = Release|ARM
		{965160CF-072F-4F1D-B0F5-68A8E603B4F2}.Release|ARM.Build.0 = Release|ARM
		{965160CF-072F-4F1D-B0F5-68A8E603B4F2}.Release|ARM.Deploy.0 = Release|ARM
		{965160CF-072F-4F1D-B0F5-68A8E603B4F2}.Release|x64.ActiveCfg = Release|x64
		{965160CF-072F-4F1D-B0F5-68A8E603B4F2}.Release|x64.Build.0 = Release|x64
		{965160CF-072F-4F1D-B0F5-68A8E603B4F2}.Release|x64.Deploy.0 = Release|x64
		{965160CF-072F-4F1D-B0F5-68A8E603B4F2}.Release|x86.ActiveCfg = Release|x86
		{965160CF-072F-4F1D-B0F5-68A8E603B4F2}.Release|x86.Build.0 = Release|x86
		{965160CF-072F-4F1D-B0F5-68A8E603B4F2}.Release|x86.Deploy.0 = Release|x86
		{0137729E-D2E5-41DD-851C-E878D24083C0}.Debug|Any CPU.ActiveCfg = Debug|Any CPU
		{0137729E-D2E5-41DD-851C-E878D24083C0}.Debug|Any CPU.Build.0 = Debug|Any CPU
		{0137729E-D2E5-41DD-851C-E878D24083C0}.Debug|ARM.ActiveCfg = Debug|Any CPU
		{0137729E-D2E5-41DD-851C-E878D24083C0}.Debug|ARM.Build.0 = Debug|Any CPU
		{0137729E-D2E5-41DD-851C-E878D24083C0}.Debug|x64.ActiveCfg = Debug|Any CPU
		{0137729E-D2E5-41DD-851C-E878D24083C0}.Debug|x64.Build.0 = Debug|Any CPU
		{0137729E-D2E5-41DD-851C-E878D24083C0}.Debug|x86.ActiveCfg = Debug|Any CPU
		{0137729E-D2E5-41DD-851C-E878D24083C0}.Debug|x86.Build.0 = Debug|Any CPU
		{0137729E-D2E5-41DD-851C-E878D24083C0}.Release|Any CPU.ActiveCfg = Release|Any CPU
		{0137729E-D2E5-41DD-851C-E878D24083C0}.Release|Any CPU.Build.0 = Release|Any CPU
		{0137729E-D2E5-41DD-851C-E878D24083C0}.Release|ARM.ActiveCfg = Release|Any CPU
		{0137729E-D2E5-41DD-851C-E878D24083C0}.Release|ARM.Build.0 = Release|Any CPU
		{0137729E-D2E5-41DD-851C-E878D24083C0}.Release|x64.ActiveCfg = Release|Any CPU
		{0137729E-D2E5-41DD-851C-E878D24083C0}.Release|x64.Build.0 = Release|Any CPU
		{0137729E-D2E5-41DD-851C-E878D24083C0}.Release|x86.ActiveCfg = Release|Any CPU
		{0137729E-D2E5-41DD-851C-E878D24083C0}.Release|x86.Build.0 = Release|Any CPU
		{D219F086-226D-4526-A06E-B2655CAE19B9}.Debug|Any CPU.ActiveCfg = Debug|Any CPU
		{D219F086-226D-4526-A06E-B2655CAE19B9}.Debug|Any CPU.Build.0 = Debug|Any CPU
		{D219F086-226D-4526-A06E-B2655CAE19B9}.Debug|ARM.ActiveCfg = Debug|Any CPU
		{D219F086-226D-4526-A06E-B2655CAE19B9}.Debug|ARM.Build.0 = Debug|Any CPU
		{D219F086-226D-4526-A06E-B2655CAE19B9}.Debug|x64.ActiveCfg = Debug|Any CPU
		{D219F086-226D-4526-A06E-B2655CAE19B9}.Debug|x64.Build.0 = Debug|Any CPU
		{D219F086-226D-4526-A06E-B2655CAE19B9}.Debug|x86.ActiveCfg = Debug|Any CPU
		{D219F086-226D-4526-A06E-B2655CAE19B9}.Debug|x86.Build.0 = Debug|Any CPU
		{D219F086-226D-4526-A06E-B2655CAE19B9}.Release|Any CPU.ActiveCfg = Release|Any CPU
		{D219F086-226D-4526-A06E-B2655CAE19B9}.Release|Any CPU.Build.0 = Release|Any CPU
		{D219F086-226D-4526-A06E-B2655CAE19B9}.Release|ARM.ActiveCfg = Release|Any CPU
		{D219F086-226D-4526-A06E-B2655CAE19B9}.Release|ARM.Build.0 = Release|Any CPU
		{D219F086-226D-4526-A06E-B2655CAE19B9}.Release|x64.ActiveCfg = Release|Any CPU
		{D219F086-226D-4526-A06E-B2655CAE19B9}.Release|x64.Build.0 = Release|Any CPU
		{D219F086-226D-4526-A06E-B2655CAE19B9}.Release|x86.ActiveCfg = Release|Any CPU
		{D219F086-226D-4526-A06E-B2655CAE19B9}.Release|x86.Build.0 = Release|Any CPU
	EndGlobalSection
	GlobalSection(SolutionProperties) = preSolution
		HideSolutionNode = FALSE
	EndGlobalSection
	GlobalSection(NestedProjects) = preSolution
		{C670BDBE-2E5B-4390-935A-84D85AFAFA5A} = {1E1EE294-1FCB-427A-9400-F40DFEB6399D}
		{A1BE9F3D-65B8-4CD8-A3A9-724D9B243E47} = {47E818B7-98F9-4100-94D2-0635ACAACEC5}
		{7F59F752-ACD0-45AB-ABA6-862B5D68744F} = {47E818B7-98F9-4100-94D2-0635ACAACEC5}
		{EA79869F-6B69-4B35-A1F0-270BB31013E5} = {47E818B7-98F9-4100-94D2-0635ACAACEC5}
		{AFE49CB8-BFF4-45D9-808B-E08FD412D8D7} = {1E1EE294-1FCB-427A-9400-F40DFEB6399D}
		{9E285F9C-3BE5-454E-AD2B-1BBBD833F91B} = {1E1EE294-1FCB-427A-9400-F40DFEB6399D}
		{965160CF-072F-4F1D-B0F5-68A8E603B4F2} = {1E1EE294-1FCB-427A-9400-F40DFEB6399D}
		{0137729E-D2E5-41DD-851C-E878D24083C0} = {1E1EE294-1FCB-427A-9400-F40DFEB6399D}
		{D219F086-226D-4526-A06E-B2655CAE19B9} = {1E1EE294-1FCB-427A-9400-F40DFEB6399D}
	EndGlobalSection
EndGlobal
