
Microsoft Visual Studio Solution File, Format Version 12.00
# Visual Studio 2012
Project("{FAE04EC0-301F-11D3-BF4B-00C04F79EFBC}") = "MyToolkit.Extended.Wp7", "MyToolkit.Extended.Wp7\MyToolkit.Extended.Wp7.csproj", "{65A7577A-196F-4DB7-BC7B-0C2A4170E8D4}"
EndProject
Project("{2150E333-8FDC-42A3-9474-1A3956D46DE8}") = "NuGet", "NuGet", "{6D65D0E8-1C50-4CED-B77C-A0B75B441085}"
	ProjectSection(SolutionItems) = preProject
		..\Build\MyToolkit.AspNet.Mvc.nuspec = ..\Build\MyToolkit.AspNet.Mvc.nuspec
		..\Build\MyToolkit.Extended.nuspec = ..\Build\MyToolkit.Extended.nuspec
		..\Build\MyToolkit.Http.nuspec = ..\Build\MyToolkit.Http.nuspec
		..\Build\MyToolkit.nuspec = ..\Build\MyToolkit.nuspec
		..\Build\MyToolkit.Web.nuspec = ..\Build\MyToolkit.Web.nuspec
	EndProjectSection
EndProject
Project("{FAE04EC0-301F-11D3-BF4B-00C04F79EFBC}") = "MyToolkit.Http.Legacy", "MyToolkit.Http\MyToolkit.Http.Legacy.csproj", "{E28B4A3C-8D5A-4C5A-A96C-67669721B810}"
EndProject
Project("{FAE04EC0-301F-11D3-BF4B-00C04F79EFBC}") = "MyToolkit.Legacy", "MyToolkit\MyToolkit.Legacy.csproj", "{F3E1A71D-891A-4A7C-8627-AD60EA8E4483}"
EndProject
Project("{FAE04EC0-301F-11D3-BF4B-00C04F79EFBC}") = "MyToolkit.Extended.Sl5", "MyToolkit.Extended.Sl5\MyToolkit.Extended.Sl5.csproj", "{A8E0CE72-B287-49C2-B275-DE473E80F10B}"
EndProject
Project("{2150E333-8FDC-42A3-9474-1A3956D46DE8}") = "Libraries", "Libraries", "{A152E3E4-0243-4617-82FE-13E25EDE529C}"
EndProject
Global
	GlobalSection(SolutionConfigurationPlatforms) = preSolution
		Debug|Any CPU = Debug|Any CPU
		Debug|ARM = Debug|ARM
		Debug|Mixed Platforms = Debug|Mixed Platforms
		Debug|Win32 = Debug|Win32
		Debug|x64 = Debug|x64
		Debug|x86 = Debug|x86
		Release|Any CPU = Release|Any CPU
		Release|ARM = Release|ARM
		Release|Mixed Platforms = Release|Mixed Platforms
		Release|Win32 = Release|Win32
		Release|x64 = Release|x64
		Release|x86 = Release|x86
	EndGlobalSection
	GlobalSection(ProjectConfigurationPlatforms) = postSolution
		{65A7577A-196F-4DB7-BC7B-0C2A4170E8D4}.Debug|Any CPU.ActiveCfg = Debug|Any CPU
		{65A7577A-196F-4DB7-BC7B-0C2A4170E8D4}.Debug|Any CPU.Build.0 = Debug|Any CPU
		{65A7577A-196F-4DB7-BC7B-0C2A4170E8D4}.Debug|ARM.ActiveCfg = Debug|Any CPU
		{65A7577A-196F-4DB7-BC7B-0C2A4170E8D4}.Debug|Mixed Platforms.ActiveCfg = Debug|Any CPU
		{65A7577A-196F-4DB7-BC7B-0C2A4170E8D4}.Debug|Mixed Platforms.Build.0 = Debug|Any CPU
		{65A7577A-196F-4DB7-BC7B-0C2A4170E8D4}.Debug|Win32.ActiveCfg = Debug|Any CPU
		{65A7577A-196F-4DB7-BC7B-0C2A4170E8D4}.Debug|x64.ActiveCfg = Debug|Any CPU
		{65A7577A-196F-4DB7-BC7B-0C2A4170E8D4}.Debug|x86.ActiveCfg = Debug|Any CPU
		{65A7577A-196F-4DB7-BC7B-0C2A4170E8D4}.Release|Any CPU.ActiveCfg = Release|Any CPU
		{65A7577A-196F-4DB7-BC7B-0C2A4170E8D4}.Release|Any CPU.Build.0 = Release|Any CPU
		{65A7577A-196F-4DB7-BC7B-0C2A4170E8D4}.Release|ARM.ActiveCfg = Release|Any CPU
		{65A7577A-196F-4DB7-BC7B-0C2A4170E8D4}.Release|Mixed Platforms.ActiveCfg = Release|Any CPU
		{65A7577A-196F-4DB7-BC7B-0C2A4170E8D4}.Release|Mixed Platforms.Build.0 = Release|Any CPU
		{65A7577A-196F-4DB7-BC7B-0C2A4170E8D4}.Release|Win32.ActiveCfg = Release|Any CPU
		{65A7577A-196F-4DB7-BC7B-0C2A4170E8D4}.Release|x64.ActiveCfg = Release|Any CPU
		{65A7577A-196F-4DB7-BC7B-0C2A4170E8D4}.Release|x86.ActiveCfg = Release|Any CPU
		{E28B4A3C-8D5A-4C5A-A96C-67669721B810}.Debug|Any CPU.ActiveCfg = Debug|Any CPU
		{E28B4A3C-8D5A-4C5A-A96C-67669721B810}.Debug|Any CPU.Build.0 = Debug|Any CPU
		{E28B4A3C-8D5A-4C5A-A96C-67669721B810}.Debug|ARM.ActiveCfg = Debug|Any CPU
		{E28B4A3C-8D5A-4C5A-A96C-67669721B810}.Debug|Mixed Platforms.ActiveCfg = Debug|Any CPU
		{E28B4A3C-8D5A-4C5A-A96C-67669721B810}.Debug|Mixed Platforms.Build.0 = Debug|Any CPU
		{E28B4A3C-8D5A-4C5A-A96C-67669721B810}.Debug|Win32.ActiveCfg = Debug|Any CPU
		{E28B4A3C-8D5A-4C5A-A96C-67669721B810}.Debug|x64.ActiveCfg = Debug|Any CPU
		{E28B4A3C-8D5A-4C5A-A96C-67669721B810}.Debug|x86.ActiveCfg = Debug|Any CPU
		{E28B4A3C-8D5A-4C5A-A96C-67669721B810}.Release|Any CPU.ActiveCfg = Release|Any CPU
		{E28B4A3C-8D5A-4C5A-A96C-67669721B810}.Release|Any CPU.Build.0 = Release|Any CPU
		{E28B4A3C-8D5A-4C5A-A96C-67669721B810}.Release|ARM.ActiveCfg = Release|Any CPU
		{E28B4A3C-8D5A-4C5A-A96C-67669721B810}.Release|Mixed Platforms.ActiveCfg = Release|Any CPU
		{E28B4A3C-8D5A-4C5A-A96C-67669721B810}.Release|Mixed Platforms.Build.0 = Release|Any CPU
		{E28B4A3C-8D5A-4C5A-A96C-67669721B810}.Release|Win32.ActiveCfg = Release|Any CPU
		{E28B4A3C-8D5A-4C5A-A96C-67669721B810}.Release|x64.ActiveCfg = Release|Any CPU
		{E28B4A3C-8D5A-4C5A-A96C-67669721B810}.Release|x86.ActiveCfg = Release|Any CPU
		{F3E1A71D-891A-4A7C-8627-AD60EA8E4483}.Debug|Any CPU.ActiveCfg = Debug|Any CPU
		{F3E1A71D-891A-4A7C-8627-AD60EA8E4483}.Debug|Any CPU.Build.0 = Debug|Any CPU
		{F3E1A71D-891A-4A7C-8627-AD60EA8E4483}.Debug|ARM.ActiveCfg = Debug|Any CPU
		{F3E1A71D-891A-4A7C-8627-AD60EA8E4483}.Debug|Mixed Platforms.ActiveCfg = Debug|Any CPU
		{F3E1A71D-891A-4A7C-8627-AD60EA8E4483}.Debug|Mixed Platforms.Build.0 = Debug|Any CPU
		{F3E1A71D-891A-4A7C-8627-AD60EA8E4483}.Debug|Win32.ActiveCfg = Debug|Any CPU
		{F3E1A71D-891A-4A7C-8627-AD60EA8E4483}.Debug|x64.ActiveCfg = Debug|Any CPU
		{F3E1A71D-891A-4A7C-8627-AD60EA8E4483}.Debug|x86.ActiveCfg = Debug|Any CPU
		{F3E1A71D-891A-4A7C-8627-AD60EA8E4483}.Release|Any CPU.ActiveCfg = Release|Any CPU
		{F3E1A71D-891A-4A7C-8627-AD60EA8E4483}.Release|Any CPU.Build.0 = Release|Any CPU
		{F3E1A71D-891A-4A7C-8627-AD60EA8E4483}.Release|ARM.ActiveCfg = Release|Any CPU
		{F3E1A71D-891A-4A7C-8627-AD60EA8E4483}.Release|Mixed Platforms.ActiveCfg = Release|Any CPU
		{F3E1A71D-891A-4A7C-8627-AD60EA8E4483}.Release|Mixed Platforms.Build.0 = Release|Any CPU
		{F3E1A71D-891A-4A7C-8627-AD60EA8E4483}.Release|Win32.ActiveCfg = Release|Any CPU
		{F3E1A71D-891A-4A7C-8627-AD60EA8E4483}.Release|x64.ActiveCfg = Release|Any CPU
		{F3E1A71D-891A-4A7C-8627-AD60EA8E4483}.Release|x86.ActiveCfg = Release|Any CPU
		{A8E0CE72-B287-49C2-B275-DE473E80F10B}.Debug|Any CPU.ActiveCfg = Debug|Any CPU
		{A8E0CE72-B287-49C2-B275-DE473E80F10B}.Debug|Any CPU.Build.0 = Debug|Any CPU
		{A8E0CE72-B287-49C2-B275-DE473E80F10B}.Debug|ARM.ActiveCfg = Debug|Any CPU
		{A8E0CE72-B287-49C2-B275-DE473E80F10B}.Debug|Mixed Platforms.ActiveCfg = Debug|Any CPU
		{A8E0CE72-B287-49C2-B275-DE473E80F10B}.Debug|Mixed Platforms.Build.0 = Debug|Any CPU
		{A8E0CE72-B287-49C2-B275-DE473E80F10B}.Debug|Win32.ActiveCfg = Debug|Any CPU
		{A8E0CE72-B287-49C2-B275-DE473E80F10B}.Debug|x64.ActiveCfg = Debug|Any CPU
		{A8E0CE72-B287-49C2-B275-DE473E80F10B}.Debug|x86.ActiveCfg = Debug|Any CPU
		{A8E0CE72-B287-49C2-B275-DE473E80F10B}.Release|Any CPU.ActiveCfg = Release|Any CPU
		{A8E0CE72-B287-49C2-B275-DE473E80F10B}.Release|Any CPU.Build.0 = Release|Any CPU
		{A8E0CE72-B287-49C2-B275-DE473E80F10B}.Release|ARM.ActiveCfg = Release|Any CPU
		{A8E0CE72-B287-49C2-B275-DE473E80F10B}.Release|Mixed Platforms.ActiveCfg = Release|Any CPU
		{A8E0CE72-B287-49C2-B275-DE473E80F10B}.Release|Mixed Platforms.Build.0 = Release|Any CPU
		{A8E0CE72-B287-49C2-B275-DE473E80F10B}.Release|Win32.ActiveCfg = Release|Any CPU
		{A8E0CE72-B287-49C2-B275-DE473E80F10B}.Release|x64.ActiveCfg = Release|Any CPU
		{A8E0CE72-B287-49C2-B275-DE473E80F10B}.Release|x86.ActiveCfg = Release|Any CPU
	EndGlobalSection
	GlobalSection(SolutionProperties) = preSolution
		HideSolutionNode = FALSE
	EndGlobalSection
	GlobalSection(NestedProjects) = preSolution
		{E28B4A3C-8D5A-4C5A-A96C-67669721B810} = {A152E3E4-0243-4617-82FE-13E25EDE529C}
		{F3E1A71D-891A-4A7C-8627-AD60EA8E4483} = {A152E3E4-0243-4617-82FE-13E25EDE529C}
		{A8E0CE72-B287-49C2-B275-DE473E80F10B} = {A152E3E4-0243-4617-82FE-13E25EDE529C}
		{65A7577A-196F-4DB7-BC7B-0C2A4170E8D4} = {A152E3E4-0243-4617-82FE-13E25EDE529C}
	EndGlobalSection
EndGlobal
